// !$*UTF8*$!
{
	archiveVersion = 1;
	classes = {
	};
	objectVersion = 46;
	objects = {

/* Begin PBXBuildFile section */
		11DB4E701CDAA1FD00911F76 /* AppDelegate.swift in Sources */ = {isa = PBXBuildFile; fileRef = 11DB4E6F1CDAA1FD00911F76 /* AppDelegate.swift */; };
		11DB4E721CDAA1FD00911F76 /* ViewController.swift in Sources */ = {isa = PBXBuildFile; fileRef = 11DB4E711CDAA1FD00911F76 /* ViewController.swift */; };
		11DB4E751CDAA1FD00911F76 /* Main.storyboard in Resources */ = {isa = PBXBuildFile; fileRef = 11DB4E731CDAA1FD00911F76 /* Main.storyboard */; };
		11DB4E781CDAA1FD00911F76 /* Hitlist1.xcdatamodeld in Sources */ = {isa = PBXBuildFile; fileRef = 11DB4E761CDAA1FD00911F76 /* Hitlist1.xcdatamodeld */; };
		11DB4E7A1CDAA1FD00911F76 /* Assets.xcassets in Resources */ = {isa = PBXBuildFile; fileRef = 11DB4E791CDAA1FD00911F76 /* Assets.xcassets */; };
		11DB4E7D1CDAA1FD00911F76 /* LaunchScreen.storyboard in Resources */ = {isa = PBXBuildFile; fileRef = 11DB4E7B1CDAA1FD00911F76 /* LaunchScreen.storyboard */; };
		11DB4E881CDAA1FD00911F76 /* Hitlist1Tests.swift in Sources */ = {isa = PBXBuildFile; fileRef = 11DB4E871CDAA1FD00911F76 /* Hitlist1Tests.swift */; };
		11DB4E931CDAA1FE00911F76 /* Hitlist1UITests.swift in Sources */ = {isa = PBXBuildFile; fileRef = 11DB4E921CDAA1FE00911F76 /* Hitlist1UITests.swift */; };
/* End PBXBuildFile section */

/* Begin PBXContainerItemProxy section */
		11DB4E841CDAA1FD00911F76 /* PBXContainerItemProxy */ = {
			isa = PBXContainerItemProxy;
			containerPortal = 11DB4E641CDAA1FC00911F76 /* Project object */;
			proxyType = 1;
			remoteGlobalIDString = 11DB4E6B1CDAA1FC00911F76;
			remoteInfo = Hitlist1;
		};
		11DB4E8F1CDAA1FD00911F76 /* PBXContainerItemProxy */ = {
			isa = PBXContainerItemProxy;
			containerPortal = 11DB4E641CDAA1FC00911F76 /* Project object */;
			proxyType = 1;
			remoteGlobalIDString = 11DB4E6B1CDAA1FC00911F76;
			remoteInfo = Hitlist1;
		};
/* End PBXContainerItemProxy section */

/* Begin PBXFileReference section */
		11DB4E6C1CDAA1FD00911F76 /* Hitlist1.app */ = {isa = PBXFileReference; explicitFileType = wrapper.application; includeInIndex = 0; path = Hitlist1.app; sourceTree = BUILT_PRODUCTS_DIR; };
		11DB4E6F1CDAA1FD00911F76 /* AppDelegate.swift */ = {isa = PBXFileReference; lastKnownFileType = sourcecode.swift; path = AppDelegate.swift; sourceTree = "<group>"; };
		11DB4E711CDAA1FD00911F76 /* ViewController.swift */ = {isa = PBXFileReference; lastKnownFileType = sourcecode.swift; path = ViewController.swift; sourceTree = "<group>"; };
		11DB4E741CDAA1FD00911F76 /* Base */ = {isa = PBXFileReference; lastKnownFileType = file.storyboard; name = Base; path = Base.lproj/Main.storyboard; sourceTree = "<group>"; };
		11DB4E771CDAA1FD00911F76 /* Hitlist1.xcdatamodel */ = {isa = PBXFileReference; lastKnownFileType = wrapper.xcdatamodel; path = Hitlist1.xcdatamodel; sourceTree = "<group>"; };
		11DB4E791CDAA1FD00911F76 /* Assets.xcassets */ = {isa = PBXFileReference; lastKnownFileType = folder.assetcatalog; path = Assets.xcassets; sourceTree = "<group>"; };
		11DB4E7C1CDAA1FD00911F76 /* Base */ = {isa = PBXFileReference; lastKnownFileType = file.storyboard; name = Base; path = Base.lproj/LaunchScreen.storyboard; sourceTree = "<group>"; };
		11DB4E7E1CDAA1FD00911F76 /* Info.plist */ = {isa = PBXFileReference; lastKnownFileType = text.plist.xml; path = Info.plist; sourceTree = "<group>"; };
		11DB4E831CDAA1FD00911F76 /* Hitlist1Tests.xctest */ = {isa = PBXFileReference; explicitFileType = wrapper.cfbundle; includeInIndex = 0; path = Hitlist1Tests.xctest; sourceTree = BUILT_PRODUCTS_DIR; };
		11DB4E871CDAA1FD00911F76 /* Hitlist1Tests.swift */ = {isa = PBXFileReference; lastKnownFileType = sourcecode.swift; path = Hitlist1Tests.swift; sourceTree = "<group>"; };
		11DB4E891CDAA1FD00911F76 /* Info.plist */ = {isa = PBXFileReference; lastKnownFileType = text.plist.xml; path = Info.plist; sourceTree = "<group>"; };
		11DB4E8E1CDAA1FD00911F76 /* Hitlist1UITests.xctest */ = {isa = PBXFileReference; explicitFileType = wrapper.cfbundle; includeInIndex = 0; path = Hitlist1UITests.xctest; sourceTree = BUILT_PRODUCTS_DIR; };
		11DB4E921CDAA1FE00911F76 /* Hitlist1UITests.swift */ = {isa = PBXFileReference; lastKnownFileType = sourcecode.swift; path = Hitlist1UITests.swift; sourceTree = "<group>"; };
		11DB4E941CDAA1FE00911F76 /* Info.plist */ = {isa = PBXFileReference; lastKnownFileType = text.plist.xml; path = Info.plist; sourceTree = "<group>"; };
/* End PBXFileReference section */

/* Begin PBXFrameworksBuildPhase section */
		11DB4E691CDAA1FC00911F76 /* Frameworks */ = {
			isa = PBXFrameworksBuildPhase;
			buildActionMask = 2147483647;
			files = (
			);
			runOnlyForDeploymentPostprocessing = 0;
		};
		11DB4E801CDAA1FD00911F76 /* Frameworks */ = {
			isa = PBXFrameworksBuildPhase;
			buildActionMask = 2147483647;
			files = (
			);
			runOnlyForDeploymentPostprocessing = 0;
		};
		11DB4E8B1CDAA1FD00911F76 /* Frameworks */ = {
			isa = PBXFrameworksBuildPhase;
			buildActionMask = 2147483647;
			files = (
			);
			runOnlyForDeploymentPostprocessing = 0;
		};
/* End PBXFrameworksBuildPhase section */

/* Begin PBXGroup section */
		11DB4E631CDAA1FC00911F76 = {
			isa = PBXGroup;
			children = (
				11DB4E6E1CDAA1FD00911F76 /* Hitlist1 */,
				11DB4E861CDAA1FD00911F76 /* Hitlist1Tests */,
				11DB4E911CDAA1FE00911F76 /* Hitlist1UITests */,
				11DB4E6D1CDAA1FD00911F76 /* Products */,
			);
			sourceTree = "<group>";
		};
		11DB4E6D1CDAA1FD00911F76 /* Products */ = {
			isa = PBXGroup;
			children = (
				11DB4E6C1CDAA1FD00911F76 /* Hitlist1.app */,
				11DB4E831CDAA1FD00911F76 /* Hitlist1Tests.xctest */,
				11DB4E8E1CDAA1FD00911F76 /* Hitlist1UITests.xctest */,
			);
			name = Products;
			sourceTree = "<group>";
		};
		11DB4E6E1CDAA1FD00911F76 /* Hitlist1 */ = {
			isa = PBXGroup;
			children = (
				11DB4E6F1CDAA1FD00911F76 /* AppDelegate.swift */,
				11DB4E711CDAA1FD00911F76 /* ViewController.swift */,
				11DB4E731CDAA1FD00911F76 /* Main.storyboard */,
				11DB4E791CDAA1FD00911F76 /* Assets.xcassets */,
				11DB4E7B1CDAA1FD00911F76 /* LaunchScreen.storyboard */,
				11DB4E7E1CDAA1FD00911F76 /* Info.plist */,
				11DB4E761CDAA1FD00911F76 /* Hitlist1.xcdatamodeld */,
			);
			path = Hitlist1;
			sourceTree = "<group>";
		};
		11DB4E861CDAA1FD00911F76 /* Hitlist1Tests */ = {
			isa = PBXGroup;
			children = (
				11DB4E871CDAA1FD00911F76 /* Hitlist1Tests.swift */,
				11DB4E891CDAA1FD00911F76 /* Info.plist */,
			);
			path = Hitlist1Tests;
			sourceTree = "<group>";
		};
		11DB4E911CDAA1FE00911F76 /* Hitlist1UITests */ = {
			isa = PBXGroup;
			children = (
				11DB4E921CDAA1FE00911F76 /* Hitlist1UITests.swift */,
				11DB4E941CDAA1FE00911F76 /* Info.plist */,
			);
			path = Hitlist1UITests;
			sourceTree = "<group>";
		};
/* End PBXGroup section */

/* Begin PBXNativeTarget section */
		11DB4E6B1CDAA1FC00911F76 /* Hitlist1 */ = {
			isa = PBXNativeTarget;
			buildConfigurationList = 11DB4E971CDAA1FE00911F76 /* Build configuration list for PBXNativeTarget "Hitlist1" */;
			buildPhases = (
				11DB4E681CDAA1FC00911F76 /* Sources */,
				11DB4E691CDAA1FC00911F76 /* Frameworks */,
				11DB4E6A1CDAA1FC00911F76 /* Resources */,
			);
			buildRules = (
			);
			dependencies = (
			);
			name = Hitlist1;
			productName = Hitlist1;
			productReference = 11DB4E6C1CDAA1FD00911F76 /* Hitlist1.app */;
			productType = "com.apple.product-type.application";
		};
		11DB4E821CDAA1FD00911F76 /* Hitlist1Tests */ = {
			isa = PBXNativeTarget;
			buildConfigurationList = 11DB4E9A1CDAA1FE00911F76 /* Build configuration list for PBXNativeTarget "Hitlist1Tests" */;
			buildPhases = (
				11DB4E7F1CDAA1FD00911F76 /* Sources */,
				11DB4E801CDAA1FD00911F76 /* Frameworks */,
				11DB4E811CDAA1FD00911F76 /* Resources */,
			);
			buildRules = (
			);
			dependencies = (
				11DB4E851CDAA1FD00911F76 /* PBXTargetDependency */,
			);
			name = Hitlist1Tests;
			productName = Hitlist1Tests;
			productReference = 11DB4E831CDAA1FD00911F76 /* Hitlist1Tests.xctest */;
			productType = "com.apple.product-type.bundle.unit-test";
		};
		11DB4E8D1CDAA1FD00911F76 /* Hitlist1UITests */ = {
			isa = PBXNativeTarget;
			buildConfigurationList = 11DB4E9D1CDAA1FE00911F76 /* Build configuration list for PBXNativeTarget "Hitlist1UITests" */;
			buildPhases = (
				11DB4E8A1CDAA1FD00911F76 /* Sources */,
				11DB4E8B1CDAA1FD00911F76 /* Frameworks */,
				11DB4E8C1CDAA1FD00911F76 /* Resources */,
			);
			buildRules = (
			);
			dependencies = (
				11DB4E901CDAA1FD00911F76 /* PBXTargetDependency */,
			);
			name = Hitlist1UITests;
			productName = Hitlist1UITests;
			productReference = 11DB4E8E1CDAA1FD00911F76 /* Hitlist1UITests.xctest */;
			productType = "com.apple.product-type.bundle.ui-testing";
		};
/* End PBXNativeTarget section */

/* Begin PBXProject section */
		11DB4E641CDAA1FC00911F76 /* Project object */ = {
			isa = PBXProject;
			attributes = {
				LastSwiftUpdateCheck = 0720;
				LastUpgradeCheck = 0720;
				ORGANIZATIONNAME = "CJS ";
				TargetAttributes = {
					11DB4E6B1CDAA1FC00911F76 = {
						CreatedOnToolsVersion = 7.2.1;
					};
					11DB4E821CDAA1FD00911F76 = {
						CreatedOnToolsVersion = 7.2.1;
						TestTargetID = 11DB4E6B1CDAA1FC00911F76;
					};
					11DB4E8D1CDAA1FD00911F76 = {
						CreatedOnToolsVersion = 7.2.1;
						TestTargetID = 11DB4E6B1CDAA1FC00911F76;
					};
				};
			};
			buildConfigurationList = 11DB4E671CDAA1FC00911F76 /* Build configuration list for PBXProject "Hitlist1" */;
			compatibilityVersion = "Xcode 3.2";
			developmentRegion = English;
			hasScannedForEncodings = 0;
			knownRegions = (
				en,
				Base,
			);
			mainGroup = 11DB4E631CDAA1FC00911F76;
			productRefGroup = 11DB4E6D1CDAA1FD00911F76 /* Products */;
			projectDirPath = "";
			projectRoot = "";
			targets = (
				11DB4E6B1CDAA1FC00911F76 /* Hitlist1 */,
				11DB4E821CDAA1FD00911F76 /* Hitlist1Tests */,
				11DB4E8D1CDAA1FD00911F76 /* Hitlist1UITests */,
			);
		};
/* End PBXProject section */

/* Begin PBXResourcesBuildPhase section */
		11DB4E6A1CDAA1FC00911F76 /* Resources */ = {
			isa = PBXResourcesBuildPhase;
			buildActionMask = 2147483647;
			files = (
				11DB4E7D1CDAA1FD00911F76 /* LaunchScreen.storyboard in Resources */,
				11DB4E7A1CDAA1FD00911F76 /* Assets.xcassets in Resources */,
				11DB4E751CDAA1FD00911F76 /* Main.storyboard in Resources */,
			);
			runOnlyForDeploymentPostprocessing = 0;
		};
		11DB4E811CDAA1FD00911F76 /* Resources */ = {
			isa = PBXResourcesBuildPhase;
			buildActionMask = 2147483647;
			files = (
			);
			runOnlyForDeploymentPostprocessing = 0;
		};
		11DB4E8C1CDAA1FD00911F76 /* Resources */ = {
			isa = PBXResourcesBuildPhase;
			buildActionMask = 2147483647;
			files = (
			);
			runOnlyForDeploymentPostprocessing = 0;
		};
/* End PBXResourcesBuildPhase section */

/* Begin PBXSourcesBuildPhase section */
		11DB4E681CDAA1FC00911F76 /* Sources */ = {
			isa = PBXSourcesBuildPhase;
			buildActionMask = 2147483647;
			files = (
				11DB4E721CDAA1FD00911F76 /* ViewController.swift in Sources */,
				11DB4E781CDAA1FD00911F76 /* Hitlist1.xcdatamodeld in Sources */,
				11DB4E701CDAA1FD00911F76 /* AppDelegate.swift in Sources */,
			);
			runOnlyForDeploymentPostprocessing = 0;
		};
		11DB4E7F1CDAA1FD00911F76 /* Sources */ = {
			isa = PBXSourcesBuildPhase;
			buildActionMask = 2147483647;
			files = (
				11DB4E881CDAA1FD00911F76 /* Hitlist1Tests.swift in Sources */,
			);
			runOnlyForDeploymentPostprocessing = 0;
		};
		11DB4E8A1CDAA1FD00911F76 /* Sources */ = {
			isa = PBXSourcesBuildPhase;
			buildActionMask = 2147483647;
			files = (
				11DB4E931CDAA1FE00911F76 /* Hitlist1UITests.swift in Sources */,
			);
			runOnlyForDeploymentPostprocessing = 0;
		};
/* End PBXSourcesBuildPhase section */

/* Begin PBXTargetDependency section */
		11DB4E851CDAA1FD00911F76 /* PBXTargetDependency */ = {
			isa = PBXTargetDependency;
			target = 11DB4E6B1CDAA1FC00911F76 /* Hitlist1 */;
			targetProxy = 11DB4E841CDAA1FD00911F76 /* PBXContainerItemProxy */;
		};
		11DB4E901CDAA1FD00911F76 /* PBXTargetDependency */ = {
			isa = PBXTargetDependency;
			target = 11DB4E6B1CDAA1FC00911F76 /* Hitlist1 */;
			targetProxy = 11DB4E8F1CDAA1FD00911F76 /* PBXContainerItemProxy */;
		};
/* End PBXTargetDependency section */

/* Begin PBXVariantGroup section */
		11DB4E731CDAA1FD00911F76 /* Main.storyboard */ = {
			isa = PBXVariantGroup;
			children = (
				11DB4E741CDAA1FD00911F76 /* Base */,
			);
			name = Main.storyboard;
			sourceTree = "<group>";
		};
		11DB4E7B1CDAA1FD00911F76 /* LaunchScreen.storyboard */ = {
			isa = PBXVariantGroup;
			children = (
				11DB4E7C1CDAA1FD00911F76 /* Base */,
			);
			name = LaunchScreen.storyboard;
			sourceTree = "<group>";
		};
/* End PBXVariantGroup section */

/* Begin XCBuildConfiguration section */
		11DB4E951CDAA1FE00911F76 /* Debug */ = {
			isa = XCBuildConfiguration;
			buildSettings = {
				ALWAYS_SEARCH_USER_PATHS = NO;
				CLANG_CXX_LANGUAGE_STANDARD = "gnu++0x";
				CLANG_CXX_LIBRARY = "libc++";
				CLANG_ENABLE_MODULES = YES;
				CLANG_ENABLE_OBJC_ARC = YES;
				CLANG_WARN_BOOL_CONVERSION = YES;
				CLANG_WARN_CONSTANT_CONVERSION = YES;
				CLANG_WARN_DIRECT_OBJC_ISA_USAGE = YES_ERROR;
				CLANG_WARN_EMPTY_BODY = YES;
				CLANG_WARN_ENUM_CONVERSION = YES;
				CLANG_WARN_INT_CONVERSION = YES;
				CLANG_WARN_OBJC_ROOT_CLASS = YES_ERROR;
				CLANG_WARN_UNREACHABLE_CODE = YES;
				CLANG_WARN__DUPLICATE_METHOD_MATCH = YES;
				"CODE_SIGN_IDENTITY[sdk=iphoneos*]" = "iPhone Developer";
				COPY_PHASE_STRIP = NO;
				DEBUG_INFORMATION_FORMAT = dwarf;
				ENABLE_STRICT_OBJC_MSGSEND = YES;
				ENABLE_TESTABILITY = YES;
				GCC_C_LANGUAGE_STANDARD = gnu99;
				GCC_DYNAMIC_NO_PIC = NO;
				GCC_NO_COMMON_BLOCKS = YES;
				GCC_OPTIMIZATION_LEVEL = 0;
				GCC_PREPROCESSOR_DEFINITIONS = (
					"DEBUG=1",
					"$(inherited)",
				);
				GCC_WARN_64_TO_32_BIT_CONVERSION = YES;
				GCC_WARN_ABOUT_RETURN_TYPE = YES_ERROR;
				GCC_WARN_UNDECLARED_SELECTOR = YES;
				GCC_WARN_UNINITIALIZED_AUTOS = YES_AGGRESSIVE;
				GCC_WARN_UNUSED_FUNCTION = YES;
				GCC_WARN_UNUSED_VARIABLE = YES;
				IPHONEOS_DEPLOYMENT_TARGET = 9.2;
				MTL_ENABLE_DEBUG_INFO = YES;
				ONLY_ACTIVE_ARCH = YES;
				SDKROOT = iphoneos;
				SWIFT_OPTIMIZATION_LEVEL = "-Onone";
			};
			name = Debug;
		};
		11DB4E961CDAA1FE00911F76 /* Release */ = {
			isa = XCBuildConfiguration;
			buildSettings = {
				ALWAYS_SEARCH_USER_PATHS = NO;
				CLANG_CXX_LANGUAGE_STANDARD = "gnu++0x";
				CLANG_CXX_LIBRARY = "libc++";
				CLANG_ENABLE_MODULES = YES;
				CLANG_ENABLE_OBJC_ARC = YES;
				CLANG_WARN_BOOL_CONVERSION = YES;
				CLANG_WARN_CONSTANT_CONVERSION = YES;
				CLANG_WARN_DIRECT_OBJC_ISA_USAGE = YES_ERROR;
				CLANG_WARN_EMPTY_BODY = YES;
				CLANG_WARN_ENUM_CONVERSION = YES;
				CLANG_WARN_INT_CONVERSION = YES;
				CLANG_WARN_OBJC_ROOT_CLASS = YES_ERROR;
				CLANG_WARN_UNREACHABLE_CODE = YES;
				CLANG_WARN__DUPLICATE_METHOD_MATCH = YES;
				"CODE_SIGN_IDENTITY[sdk=iphoneos*]" = "iPhone Developer";
				COPY_PHASE_STRIP = NO;
				DEBUG_INFORMATION_FORMAT = "dwarf-with-dsym";
				ENABLE_NS_ASSERTIONS = NO;
				ENABLE_STRICT_OBJC_MSGSEND = YES;
				GCC_C_LANGUAGE_STANDARD = gnu99;
				GCC_NO_COMMON_BLOCKS = YES;
				GCC_WARN_64_TO_32_BIT_CONVERSION = YES;
				GCC_WARN_ABOUT_RETURN_TYPE = YES_ERROR;
				GCC_WARN_UNDECLARED_SELECTOR = YES;
				GCC_WARN_UNINITIALIZED_AUTOS = YES_AGGRESSIVE;
				GCC_WARN_UNUSED_FUNCTION = YES;
				GCC_WARN_UNUSED_VARIABLE = YES;
				IPHONEOS_DEPLOYMENT_TARGET = 9.2;
				MTL_ENABLE_DEBUG_INFO = NO;
				SDKROOT = iphoneos;
				VALIDATE_PRODUCT = YES;
			};
			name = Release;
		};
		11DB4E981CDAA1FE00911F76 /* Debug */ = {
			isa = XCBuildConfiguration;
			buildSettings = {
				ASSETCATALOG_COMPILER_APPICON_NAME = AppIcon;
				INFOPLIST_FILE = Hitlist1/Info.plist;
				LD_RUNPATH_SEARCH_PATHS = "$(inherited) @executable_path/Frameworks";
				PRODUCT_BUNDLE_IDENTIFIER = com.example.Hitlist1;
				PRODUCT_NAME = "$(TARGET_NAME)";
			};
			name = Debug;
		};
		11DB4E991CDAA1FE00911F76 /* Release */ = {
			isa = XCBuildConfiguration;
			buildSettings = {
				ASSETCATALOG_COMPILER_APPICON_NAME = AppIcon;
				INFOPLIST_FILE = Hitlist1/Info.plist;
				LD_RUNPATH_SEARCH_PATHS = "$(inherited) @executable_path/Frameworks";
				PRODUCT_BUNDLE_IDENTIFIER = com.example.Hitlist1;
				PRODUCT_NAME = "$(TARGET_NAME)";
			};
			name = Release;
		};
		11DB4E9B1CDAA1FE00911F76 /* Debug */ = {
			isa = XCBuildConfiguration;
			buildSettings = {
				BUNDLE_LOADER = "$(TEST_HOST)";
				INFOPLIST_FILE = Hitlist1Tests/Info.plist;
				LD_RUNPATH_SEARCH_PATHS = "$(inherited) @executable_path/Frameworks @loader_path/Frameworks";
				PRODUCT_BUNDLE_IDENTIFIER = com.example.Hitlist1Tests;
				PRODUCT_NAME = "$(TARGET_NAME)";
				TEST_HOST = "$(BUILT_PRODUCTS_DIR)/Hitlist1.app/Hitlist1";
			};
			name = Debug;
		};
		11DB4E9C1CDAA1FE00911F76 /* Release */ = {
			isa = XCBuildConfiguration;
			buildSettings = {
				BUNDLE_LOADER = "$(TEST_HOST)";
				INFOPLIST_FILE = Hitlist1Tests/Info.plist;
				LD_RUNPATH_SEARCH_PATHS = "$(inherited) @executable_path/Frameworks @loader_path/Frameworks";
				PRODUCT_BUNDLE_IDENTIFIER = com.example.Hitlist1Tests;
				PRODUCT_NAME = "$(TARGET_NAME)";
				TEST_HOST = "$(BUILT_PRODUCTS_DIR)/Hitlist1.app/Hitlist1";
			};
			name = Release;
		};
		11DB4E9E1CDAA1FE00911F76 /* Debug */ = {
			isa = XCBuildConfiguration;
			buildSettings = {
				INFOPLIST_FILE = Hitlist1UITests/Info.plist;
				LD_RUNPATH_SEARCH_PATHS = "$(inherited) @executable_path/Frameworks @loader_path/Frameworks";
				PRODUCT_BUNDLE_IDENTIFIER = com.example.Hitlist1UITests;
				PRODUCT_NAME = "$(TARGET_NAME)";
				TEST_TARGET_NAME = Hitlist1;
				USES_XCTRUNNER = YES;
			};
			name = Debug;
		};
		11DB4E9F1CDAA1FE00911F76 /* Release */ = {
			isa = XCBuildConfiguration;
			buildSettings = {
				INFOPLIST_FILE = Hitlist1UITests/Info.plist;
				LD_RUNPATH_SEARCH_PATHS = "$(inherited) @executable_path/Frameworks @loader_path/Frameworks";
				PRODUCT_BUNDLE_IDENTIFIER = com.example.Hitlist1UITests;
				PRODUCT_NAME = "$(TARGET_NAME)";
				TEST_TARGET_NAME = Hitlist1;
				USES_XCTRUNNER = YES;
			};
			name = Release;
		};
/* End XCBuildConfiguration section */

/* Begin XCConfigurationList section */
		11DB4E671CDAA1FC00911F76 /* Build configuration list for PBXProject "Hitlist1" */ = {
			isa = XCConfigurationList;
			buildConfigurations = (
				11DB4E951CDAA1FE00911F76 /* Debug */,
				11DB4E961CDAA1FE00911F76 /* Release */,
			);
			defaultConfigurationIsVisible = 0;
			defaultConfigurationName = Release;
		};
		11DB4E971CDAA1FE00911F76 /* Build configuration list for PBXNativeTarget "Hitlist1" */ = {
			isa = XCConfigurationList;
			buildConfigurations = (
				11DB4E981CDAA1FE00911F76 /* Debug */,
				11DB4E991CDAA1FE00911F76 /* Release */,
			);
			defaultConfigurationIsVisible = 0;
		};
		11DB4E9A1CDAA1FE00911F76 /* Build configuration list for PBXNativeTarget "Hitlist1Tests" */ = {
			isa = XCConfigurationList;
			buildConfigurations = (
				11DB4E9B1CDAA1FE00911F76 /* Debug */,
				11DB4E9C1CDAA1FE00911F76 /* Release */,
			);
			defaultConfigurationIsVisible = 0;
		};
		11DB4E9D1CDAA1FE00911F76 /* Build configuration list for PBXNativeTarget "Hitlist1UITests" */ = {
			isa = XCConfigurationList;
			buildConfigurations = (
				11DB4E9E1CDAA1FE00911F76 /* Debug */,
				11DB4E9F1CDAA1FE00911F76 /* Release */,
			);
			defaultConfigurationIsVisible = 0;
		};
/* End XCConfigurationList section */

/* Begin XCVersionGroup section */
		11DB4E761CDAA1FD00911F76 /* Hitlist1.xcdatamodeld */ = {
			isa = XCVersionGroup;
			children = (
				11DB4E771CDAA1FD00911F76 /* Hitlist1.xcdatamodel */,
			);
			currentVersion = 11DB4E771CDAA1FD00911F76 /* Hitlist1.xcdatamodel */;
			path = Hitlist1.xcdatamodeld;
			sourceTree = "<group>";
			versionGroupType = wrapper.xcdatamodel;
		};
/* End XCVersionGroup section */
	};
	rootObject = 11DB4E641CDAA1FC00911F76 /* Project object */;
}
