// !$*UTF8*$!
{
	archiveVersion = 1;
	classes = {
	};
	objectVersion = 46;
	objects = {

/* Begin PBXBuildFile section */
		11262EEE1D416F7600F1C0A9 /* AppDelegate.swift in Sources */ = {isa = PBXBuildFile; fileRef = 11262EED1D416F7600F1C0A9 /* AppDelegate.swift */; };
		11262EF01D416F7600F1C0A9 /* ViewController.swift in Sources */ = {isa = PBXBuildFile; fileRef = 11262EEF1D416F7600F1C0A9 /* ViewController.swift */; };
		11262EF31D416F7600F1C0A9 /* Main.storyboard in Resources */ = {isa = PBXBuildFile; fileRef = 11262EF11D416F7600F1C0A9 /* Main.storyboard */; };
		11262EF61D416F7600F1C0A9 /* P_FoodCollectionView.xcdatamodeld in Sources */ = {isa = PBXBuildFile; fileRef = 11262EF41D416F7600F1C0A9 /* P_FoodCollectionView.xcdatamodeld */; };
		11262EF81D416F7600F1C0A9 /* Assets.xcassets in Resources */ = {isa = PBXBuildFile; fileRef = 11262EF71D416F7600F1C0A9 /* Assets.xcassets */; };
		11262EFB1D416F7600F1C0A9 /* LaunchScreen.storyboard in Resources */ = {isa = PBXBuildFile; fileRef = 11262EF91D416F7600F1C0A9 /* LaunchScreen.storyboard */; };
		11262F061D416F7600F1C0A9 /* P_FoodCollectionViewTests.swift in Sources */ = {isa = PBXBuildFile; fileRef = 11262F051D416F7600F1C0A9 /* P_FoodCollectionViewTests.swift */; };
		11262F111D416F7600F1C0A9 /* P_FoodCollectionViewUITests.swift in Sources */ = {isa = PBXBuildFile; fileRef = 11262F101D416F7600F1C0A9 /* P_FoodCollectionViewUITests.swift */; };
		118E2CC11D4178570031BAB2 /* Fruit.swift in Sources */ = {isa = PBXBuildFile; fileRef = 118E2CC01D4178570031BAB2 /* Fruit.swift */; };
		118E2CC31D4178C00031BAB2 /* DataSource.swift in Sources */ = {isa = PBXBuildFile; fileRef = 118E2CC21D4178C00031BAB2 /* DataSource.swift */; };
		118E2CC51D417C5D0031BAB2 /* FruitCell.swift in Sources */ = {isa = PBXBuildFile; fileRef = 118E2CC41D417C5D0031BAB2 /* FruitCell.swift */; };
/* End PBXBuildFile section */

/* Begin PBXContainerItemProxy section */
		11262F021D416F7600F1C0A9 /* PBXContainerItemProxy */ = {
			isa = PBXContainerItemProxy;
			containerPortal = 11262EE21D416F7600F1C0A9 /* Project object */;
			proxyType = 1;
			remoteGlobalIDString = 11262EE91D416F7600F1C0A9;
			remoteInfo = "P-FoodCollectionView";
		};
		11262F0D1D416F7600F1C0A9 /* PBXContainerItemProxy */ = {
			isa = PBXContainerItemProxy;
			containerPortal = 11262EE21D416F7600F1C0A9 /* Project object */;
			proxyType = 1;
			remoteGlobalIDString = 11262EE91D416F7600F1C0A9;
			remoteInfo = "P-FoodCollectionView";
		};
/* End PBXContainerItemProxy section */

/* Begin PBXFileReference section */
		11262EEA1D416F7600F1C0A9 /* P-FoodCollectionView.app */ = {isa = PBXFileReference; explicitFileType = wrapper.application; includeInIndex = 0; path = "P-FoodCollectionView.app"; sourceTree = BUILT_PRODUCTS_DIR; };
		11262EED1D416F7600F1C0A9 /* AppDelegate.swift */ = {isa = PBXFileReference; lastKnownFileType = sourcecode.swift; path = AppDelegate.swift; sourceTree = "<group>"; };
		11262EEF1D416F7600F1C0A9 /* ViewController.swift */ = {isa = PBXFileReference; lastKnownFileType = sourcecode.swift; path = ViewController.swift; sourceTree = "<group>"; };
		11262EF21D416F7600F1C0A9 /* Base */ = {isa = PBXFileReference; lastKnownFileType = file.storyboard; name = Base; path = Base.lproj/Main.storyboard; sourceTree = "<group>"; };
		11262EF51D416F7600F1C0A9 /* P_FoodCollectionView.xcdatamodel */ = {isa = PBXFileReference; lastKnownFileType = wrapper.xcdatamodel; path = P_FoodCollectionView.xcdatamodel; sourceTree = "<group>"; };
		11262EF71D416F7600F1C0A9 /* Assets.xcassets */ = {isa = PBXFileReference; lastKnownFileType = folder.assetcatalog; path = Assets.xcassets; sourceTree = "<group>"; };
		11262EFA1D416F7600F1C0A9 /* Base */ = {isa = PBXFileReference; lastKnownFileType = file.storyboard; name = Base; path = Base.lproj/LaunchScreen.storyboard; sourceTree = "<group>"; };
		11262EFC1D416F7600F1C0A9 /* Info.plist */ = {isa = PBXFileReference; lastKnownFileType = text.plist.xml; path = Info.plist; sourceTree = "<group>"; };
		11262F011D416F7600F1C0A9 /* P-FoodCollectionViewTests.xctest */ = {isa = PBXFileReference; explicitFileType = wrapper.cfbundle; includeInIndex = 0; path = "P-FoodCollectionViewTests.xctest"; sourceTree = BUILT_PRODUCTS_DIR; };
		11262F051D416F7600F1C0A9 /* P_FoodCollectionViewTests.swift */ = {isa = PBXFileReference; lastKnownFileType = sourcecode.swift; path = P_FoodCollectionViewTests.swift; sourceTree = "<group>"; };
		11262F071D416F7600F1C0A9 /* Info.plist */ = {isa = PBXFileReference; lastKnownFileType = text.plist.xml; path = Info.plist; sourceTree = "<group>"; };
		11262F0C1D416F7600F1C0A9 /* P-FoodCollectionViewUITests.xctest */ = {isa = PBXFileReference; explicitFileType = wrapper.cfbundle; includeInIndex = 0; path = "P-FoodCollectionViewUITests.xctest"; sourceTree = BUILT_PRODUCTS_DIR; };
		11262F101D416F7600F1C0A9 /* P_FoodCollectionViewUITests.swift */ = {isa = PBXFileReference; lastKnownFileType = sourcecode.swift; path = P_FoodCollectionViewUITests.swift; sourceTree = "<group>"; };
		11262F121D416F7600F1C0A9 /* Info.plist */ = {isa = PBXFileReference; lastKnownFileType = text.plist.xml; path = Info.plist; sourceTree = "<group>"; };
		118E2CC01D4178570031BAB2 /* Fruit.swift */ = {isa = PBXFileReference; fileEncoding = 4; lastKnownFileType = sourcecode.swift; path = Fruit.swift; sourceTree = "<group>"; };
		118E2CC21D4178C00031BAB2 /* DataSource.swift */ = {isa = PBXFileReference; fileEncoding = 4; lastKnownFileType = sourcecode.swift; path = DataSource.swift; sourceTree = "<group>"; };
		118E2CC41D417C5D0031BAB2 /* FruitCell.swift */ = {isa = PBXFileReference; fileEncoding = 4; lastKnownFileType = sourcecode.swift; path = FruitCell.swift; sourceTree = "<group>"; };
/* End PBXFileReference section */

/* Begin PBXFrameworksBuildPhase section */
		11262EE71D416F7600F1C0A9 /* Frameworks */ = {
			isa = PBXFrameworksBuildPhase;
			buildActionMask = 2147483647;
			files = (
			);
			runOnlyForDeploymentPostprocessing = 0;
		};
		11262EFE1D416F7600F1C0A9 /* Frameworks */ = {
			isa = PBXFrameworksBuildPhase;
			buildActionMask = 2147483647;
			files = (
			);
			runOnlyForDeploymentPostprocessing = 0;
		};
		11262F091D416F7600F1C0A9 /* Frameworks */ = {
			isa = PBXFrameworksBuildPhase;
			buildActionMask = 2147483647;
			files = (
			);
			runOnlyForDeploymentPostprocessing = 0;
		};
/* End PBXFrameworksBuildPhase section */

/* Begin PBXGroup section */
		11262EE11D416F7600F1C0A9 = {
			isa = PBXGroup;
			children = (
				11262EEC1D416F7600F1C0A9 /* P-FoodCollectionView */,
				11262F041D416F7600F1C0A9 /* P-FoodCollectionViewTests */,
				11262F0F1D416F7600F1C0A9 /* P-FoodCollectionViewUITests */,
				11262EEB1D416F7600F1C0A9 /* Products */,
			);
			sourceTree = "<group>";
		};
		11262EEB1D416F7600F1C0A9 /* Products */ = {
			isa = PBXGroup;
			children = (
				11262EEA1D416F7600F1C0A9 /* P-FoodCollectionView.app */,
				11262F011D416F7600F1C0A9 /* P-FoodCollectionViewTests.xctest */,
				11262F0C1D416F7600F1C0A9 /* P-FoodCollectionViewUITests.xctest */,
			);
			name = Products;
			sourceTree = "<group>";
		};
		11262EEC1D416F7600F1C0A9 /* P-FoodCollectionView */ = {
			isa = PBXGroup;
			children = (
				11262EED1D416F7600F1C0A9 /* AppDelegate.swift */,
				11262EEF1D416F7600F1C0A9 /* ViewController.swift */,
				11262EF11D416F7600F1C0A9 /* Main.storyboard */,
				118E2CC41D417C5D0031BAB2 /* FruitCell.swift */,
				118E2CC01D4178570031BAB2 /* Fruit.swift */,
				118E2CC21D4178C00031BAB2 /* DataSource.swift */,
				11262EF71D416F7600F1C0A9 /* Assets.xcassets */,
				11262EF91D416F7600F1C0A9 /* LaunchScreen.storyboard */,
				11262EFC1D416F7600F1C0A9 /* Info.plist */,
				11262EF41D416F7600F1C0A9 /* P_FoodCollectionView.xcdatamodeld */,
			);
			path = "P-FoodCollectionView";
			sourceTree = "<group>";
		};
		11262F041D416F7600F1C0A9 /* P-FoodCollectionViewTests */ = {
			isa = PBXGroup;
			children = (
				11262F051D416F7600F1C0A9 /* P_FoodCollectionViewTests.swift */,
				11262F071D416F7600F1C0A9 /* Info.plist */,
			);
			path = "P-FoodCollectionViewTests";
			sourceTree = "<group>";
		};
		11262F0F1D416F7600F1C0A9 /* P-FoodCollectionViewUITests */ = {
			isa = PBXGroup;
			children = (
				11262F101D416F7600F1C0A9 /* P_FoodCollectionViewUITests.swift */,
				11262F121D416F7600F1C0A9 /* Info.plist */,
			);
			path = "P-FoodCollectionViewUITests";
			sourceTree = "<group>";
		};
/* End PBXGroup section */

/* Begin PBXNativeTarget section */
		11262EE91D416F7600F1C0A9 /* P-FoodCollectionView */ = {
			isa = PBXNativeTarget;
			buildConfigurationList = 11262F151D416F7600F1C0A9 /* Build configuration list for PBXNativeTarget "P-FoodCollectionView" */;
			buildPhases = (
				11262EE61D416F7600F1C0A9 /* Sources */,
				11262EE71D416F7600F1C0A9 /* Frameworks */,
				11262EE81D416F7600F1C0A9 /* Resources */,
			);
			buildRules = (
			);
			dependencies = (
			);
			name = "P-FoodCollectionView";
			productName = "P-FoodCollectionView";
			productReference = 11262EEA1D416F7600F1C0A9 /* P-FoodCollectionView.app */;
			productType = "com.apple.product-type.application";
		};
		11262F001D416F7600F1C0A9 /* P-FoodCollectionViewTests */ = {
			isa = PBXNativeTarget;
			buildConfigurationList = 11262F181D416F7600F1C0A9 /* Build configuration list for PBXNativeTarget "P-FoodCollectionViewTests" */;
			buildPhases = (
				11262EFD1D416F7600F1C0A9 /* Sources */,
				11262EFE1D416F7600F1C0A9 /* Frameworks */,
				11262EFF1D416F7600F1C0A9 /* Resources */,
			);
			buildRules = (
			);
			dependencies = (
				11262F031D416F7600F1C0A9 /* PBXTargetDependency */,
			);
			name = "P-FoodCollectionViewTests";
			productName = "P-FoodCollectionViewTests";
			productReference = 11262F011D416F7600F1C0A9 /* P-FoodCollectionViewTests.xctest */;
			productType = "com.apple.product-type.bundle.unit-test";
		};
		11262F0B1D416F7600F1C0A9 /* P-FoodCollectionViewUITests */ = {
			isa = PBXNativeTarget;
			buildConfigurationList = 11262F1B1D416F7600F1C0A9 /* Build configuration list for PBXNativeTarget "P-FoodCollectionViewUITests" */;
			buildPhases = (
				11262F081D416F7600F1C0A9 /* Sources */,
				11262F091D416F7600F1C0A9 /* Frameworks */,
				11262F0A1D416F7600F1C0A9 /* Resources */,
			);
			buildRules = (
			);
			dependencies = (
				11262F0E1D416F7600F1C0A9 /* PBXTargetDependency */,
			);
			name = "P-FoodCollectionViewUITests";
			productName = "P-FoodCollectionViewUITests";
			productReference = 11262F0C1D416F7600F1C0A9 /* P-FoodCollectionViewUITests.xctest */;
			productType = "com.apple.product-type.bundle.ui-testing";
		};
/* End PBXNativeTarget section */

/* Begin PBXProject section */
		11262EE21D416F7600F1C0A9 /* Project object */ = {
			isa = PBXProject;
			attributes = {
				LastSwiftUpdateCheck = 0730;
				LastUpgradeCheck = 0730;
				ORGANIZATIONNAME = "CJS ";
				TargetAttributes = {
					11262EE91D416F7600F1C0A9 = {
						CreatedOnToolsVersion = 7.3.1;
						DevelopmentTeam = 4SM7NHSWAW;
					};
					11262F001D416F7600F1C0A9 = {
						CreatedOnToolsVersion = 7.3.1;
						TestTargetID = 11262EE91D416F7600F1C0A9;
					};
					11262F0B1D416F7600F1C0A9 = {
						CreatedOnToolsVersion = 7.3.1;
						TestTargetID = 11262EE91D416F7600F1C0A9;
					};
				};
			};
			buildConfigurationList = 11262EE51D416F7600F1C0A9 /* Build configuration list for PBXProject "P-FoodCollectionView" */;
			compatibilityVersion = "Xcode 3.2";
			developmentRegion = English;
			hasScannedForEncodings = 0;
			knownRegions = (
				en,
				Base,
			);
			mainGroup = 11262EE11D416F7600F1C0A9;
			productRefGroup = 11262EEB1D416F7600F1C0A9 /* Products */;
			projectDirPath = "";
			projectRoot = "";
			targets = (
				11262EE91D416F7600F1C0A9 /* P-FoodCollectionView */,
				11262F001D416F7600F1C0A9 /* P-FoodCollectionViewTests */,
				11262F0B1D416F7600F1C0A9 /* P-FoodCollectionViewUITests */,
			);
		};
/* End PBXProject section */

/* Begin PBXResourcesBuildPhase section */
		11262EE81D416F7600F1C0A9 /* Resources */ = {
			isa = PBXResourcesBuildPhase;
			buildActionMask = 2147483647;
			files = (
				11262EFB1D416F7600F1C0A9 /* LaunchScreen.storyboard in Resources */,
				11262EF81D416F7600F1C0A9 /* Assets.xcassets in Resources */,
				11262EF31D416F7600F1C0A9 /* Main.storyboard in Resources */,
			);
			runOnlyForDeploymentPostprocessing = 0;
		};
		11262EFF1D416F7600F1C0A9 /* Resources */ = {
			isa = PBXResourcesBuildPhase;
			buildActionMask = 2147483647;
			files = (
			);
			runOnlyForDeploymentPostprocessing = 0;
		};
		11262F0A1D416F7600F1C0A9 /* Resources */ = {
			isa = PBXResourcesBuildPhase;
			buildActionMask = 2147483647;
			files = (
			);
			runOnlyForDeploymentPostprocessing = 0;
		};
/* End PBXResourcesBuildPhase section */

/* Begin PBXSourcesBuildPhase section */
		11262EE61D416F7600F1C0A9 /* Sources */ = {
			isa = PBXSourcesBuildPhase;
			buildActionMask = 2147483647;
			files = (
				11262EF01D416F7600F1C0A9 /* ViewController.swift in Sources */,
				118E2CC11D4178570031BAB2 /* Fruit.swift in Sources */,
				11262EEE1D416F7600F1C0A9 /* AppDelegate.swift in Sources */,
				118E2CC31D4178C00031BAB2 /* DataSource.swift in Sources */,
				118E2CC51D417C5D0031BAB2 /* FruitCell.swift in Sources */,
				11262EF61D416F7600F1C0A9 /* P_FoodCollectionView.xcdatamodeld in Sources */,
			);
			runOnlyForDeploymentPostprocessing = 0;
		};
		11262EFD1D416F7600F1C0A9 /* Sources */ = {
			isa = PBXSourcesBuildPhase;
			buildActionMask = 2147483647;
			files = (
				11262F061D416F7600F1C0A9 /* P_FoodCollectionViewTests.swift in Sources */,
			);
			runOnlyForDeploymentPostprocessing = 0;
		};
		11262F081D416F7600F1C0A9 /* Sources */ = {
			isa = PBXSourcesBuildPhase;
			buildActionMask = 2147483647;
			files = (
				11262F111D416F7600F1C0A9 /* P_FoodCollectionViewUITests.swift in Sources */,
			);
			runOnlyForDeploymentPostprocessing = 0;
		};
/* End PBXSourcesBuildPhase section */

/* Begin PBXTargetDependency section */
		11262F031D416F7600F1C0A9 /* PBXTargetDependency */ = {
			isa = PBXTargetDependency;
			target = 11262EE91D416F7600F1C0A9 /* P-FoodCollectionView */;
			targetProxy = 11262F021D416F7600F1C0A9 /* PBXContainerItemProxy */;
		};
		11262F0E1D416F7600F1C0A9 /* PBXTargetDependency */ = {
			isa = PBXTargetDependency;
			target = 11262EE91D416F7600F1C0A9 /* P-FoodCollectionView */;
			targetProxy = 11262F0D1D416F7600F1C0A9 /* PBXContainerItemProxy */;
		};
/* End PBXTargetDependency section */

/* Begin PBXVariantGroup section */
		11262EF11D416F7600F1C0A9 /* Main.storyboard */ = {
			isa = PBXVariantGroup;
			children = (
				11262EF21D416F7600F1C0A9 /* Base */,
			);
			name = Main.storyboard;
			sourceTree = "<group>";
		};
		11262EF91D416F7600F1C0A9 /* LaunchScreen.storyboard */ = {
			isa = PBXVariantGroup;
			children = (
				11262EFA1D416F7600F1C0A9 /* Base */,
			);
			name = LaunchScreen.storyboard;
			sourceTree = "<group>";
		};
/* End PBXVariantGroup section */

/* Begin XCBuildConfiguration section */
		11262F131D416F7600F1C0A9 /* Debug */ = {
			isa = XCBuildConfiguration;
			buildSettings = {
				ALWAYS_SEARCH_USER_PATHS = NO;
				CLANG_ANALYZER_NONNULL = YES;
				CLANG_CXX_LANGUAGE_STANDARD = "gnu++0x";
				CLANG_CXX_LIBRARY = "libc++";
				CLANG_ENABLE_MODULES = YES;
				CLANG_ENABLE_OBJC_ARC = YES;
				CLANG_WARN_BOOL_CONVERSION = YES;
				CLANG_WARN_CONSTANT_CONVERSION = YES;
				CLANG_WARN_DIRECT_OBJC_ISA_USAGE = YES_ERROR;
				CLANG_WARN_EMPTY_BODY = YES;
				CLANG_WARN_ENUM_CONVERSION = YES;
				CLANG_WARN_INT_CONVERSION = YES;
				CLANG_WARN_OBJC_ROOT_CLASS = YES_ERROR;
				CLANG_WARN_UNREACHABLE_CODE = YES;
				CLANG_WARN__DUPLICATE_METHOD_MATCH = YES;
				"CODE_SIGN_IDENTITY[sdk=iphoneos*]" = "iPhone Developer";
				COPY_PHASE_STRIP = NO;
				DEBUG_INFORMATION_FORMAT = dwarf;
				ENABLE_STRICT_OBJC_MSGSEND = YES;
				ENABLE_TESTABILITY = YES;
				GCC_C_LANGUAGE_STANDARD = gnu99;
				GCC_DYNAMIC_NO_PIC = NO;
				GCC_NO_COMMON_BLOCKS = YES;
				GCC_OPTIMIZATION_LEVEL = 0;
				GCC_PREPROCESSOR_DEFINITIONS = (
					"DEBUG=1",
					"$(inherited)",
				);
				GCC_WARN_64_TO_32_BIT_CONVERSION = YES;
				GCC_WARN_ABOUT_RETURN_TYPE = YES_ERROR;
				GCC_WARN_UNDECLARED_SELECTOR = YES;
				GCC_WARN_UNINITIALIZED_AUTOS = YES_AGGRESSIVE;
				GCC_WARN_UNUSED_FUNCTION = YES;
				GCC_WARN_UNUSED_VARIABLE = YES;
				IPHONEOS_DEPLOYMENT_TARGET = 9.3;
				MTL_ENABLE_DEBUG_INFO = YES;
				ONLY_ACTIVE_ARCH = YES;
				SDKROOT = iphoneos;
				SWIFT_OPTIMIZATION_LEVEL = "-Onone";
			};
			name = Debug;
		};
		11262F141D416F7600F1C0A9 /* Release */ = {
			isa = XCBuildConfiguration;
			buildSettings = {
				ALWAYS_SEARCH_USER_PATHS = NO;
				CLANG_ANALYZER_NONNULL = YES;
				CLANG_CXX_LANGUAGE_STANDARD = "gnu++0x";
				CLANG_CXX_LIBRARY = "libc++";
				CLANG_ENABLE_MODULES = YES;
				CLANG_ENABLE_OBJC_ARC = YES;
				CLANG_WARN_BOOL_CONVERSION = YES;
				CLANG_WARN_CONSTANT_CONVERSION = YES;
				CLANG_WARN_DIRECT_OBJC_ISA_USAGE = YES_ERROR;
				CLANG_WARN_EMPTY_BODY = YES;
				CLANG_WARN_ENUM_CONVERSION = YES;
				CLANG_WARN_INT_CONVERSION = YES;
				CLANG_WARN_OBJC_ROOT_CLASS = YES_ERROR;
				CLANG_WARN_UNREACHABLE_CODE = YES;
				CLANG_WARN__DUPLICATE_METHOD_MATCH = YES;
				"CODE_SIGN_IDENTITY[sdk=iphoneos*]" = "iPhone Developer";
				COPY_PHASE_STRIP = NO;
				DEBUG_INFORMATION_FORMAT = "dwarf-with-dsym";
				ENABLE_NS_ASSERTIONS = NO;
				ENABLE_STRICT_OBJC_MSGSEND = YES;
				GCC_C_LANGUAGE_STANDARD = gnu99;
				GCC_NO_COMMON_BLOCKS = YES;
				GCC_WARN_64_TO_32_BIT_CONVERSION = YES;
				GCC_WARN_ABOUT_RETURN_TYPE = YES_ERROR;
				GCC_WARN_UNDECLARED_SELECTOR = YES;
				GCC_WARN_UNINITIALIZED_AUTOS = YES_AGGRESSIVE;
				GCC_WARN_UNUSED_FUNCTION = YES;
				GCC_WARN_UNUSED_VARIABLE = YES;
				IPHONEOS_DEPLOYMENT_TARGET = 9.3;
				MTL_ENABLE_DEBUG_INFO = NO;
				SDKROOT = iphoneos;
				VALIDATE_PRODUCT = YES;
			};
			name = Release;
		};
		11262F161D416F7600F1C0A9 /* Debug */ = {
			isa = XCBuildConfiguration;
			buildSettings = {
				ASSETCATALOG_COMPILER_APPICON_NAME = AppIcon;
				CODE_SIGN_IDENTITY = "iPhone Developer";
				"CODE_SIGN_IDENTITY[sdk=iphoneos*]" = "iPhone Developer";
				INFOPLIST_FILE = "P-FoodCollectionView/Info.plist";
				LD_RUNPATH_SEARCH_PATHS = "$(inherited) @executable_path/Frameworks";
				PRODUCT_BUNDLE_IDENTIFIER = "com.CJS.P-FoodCollectionView";
				PRODUCT_NAME = "$(TARGET_NAME)";
				PROVISIONING_PROFILE = "";
			};
			name = Debug;
		};
		11262F171D416F7600F1C0A9 /* Release */ = {
			isa = XCBuildConfiguration;
			buildSettings = {
				ASSETCATALOG_COMPILER_APPICON_NAME = AppIcon;
				CODE_SIGN_IDENTITY = "iPhone Developer";
				"CODE_SIGN_IDENTITY[sdk=iphoneos*]" = "iPhone Developer";
				INFOPLIST_FILE = "P-FoodCollectionView/Info.plist";
				LD_RUNPATH_SEARCH_PATHS = "$(inherited) @executable_path/Frameworks";
				PRODUCT_BUNDLE_IDENTIFIER = "com.CJS.P-FoodCollectionView";
				PRODUCT_NAME = "$(TARGET_NAME)";
				PROVISIONING_PROFILE = "";
			};
			name = Release;
		};
		11262F191D416F7600F1C0A9 /* Debug */ = {
			isa = XCBuildConfiguration;
			buildSettings = {
				BUNDLE_LOADER = "$(TEST_HOST)";
				INFOPLIST_FILE = "P-FoodCollectionViewTests/Info.plist";
				LD_RUNPATH_SEARCH_PATHS = "$(inherited) @executable_path/Frameworks @loader_path/Frameworks";
				PRODUCT_BUNDLE_IDENTIFIER = "com.CJS.P-FoodCollectionViewTests";
				PRODUCT_NAME = "$(TARGET_NAME)";
				TEST_HOST = "$(BUILT_PRODUCTS_DIR)/P-FoodCollectionView.app/P-FoodCollectionView";
			};
			name = Debug;
		};
		11262F1A1D416F7600F1C0A9 /* Release */ = {
			isa = XCBuildConfiguration;
			buildSettings = {
				BUNDLE_LOADER = "$(TEST_HOST)";
				INFOPLIST_FILE = "P-FoodCollectionViewTests/Info.plist";
				LD_RUNPATH_SEARCH_PATHS = "$(inherited) @executable_path/Frameworks @loader_path/Frameworks";
				PRODUCT_BUNDLE_IDENTIFIER = "com.CJS.P-FoodCollectionViewTests";
				PRODUCT_NAME = "$(TARGET_NAME)";
				TEST_HOST = "$(BUILT_PRODUCTS_DIR)/P-FoodCollectionView.app/P-FoodCollectionView";
			};
			name = Release;
		};
		11262F1C1D416F7600F1C0A9 /* Debug */ = {
			isa = XCBuildConfiguration;
			buildSettings = {
				INFOPLIST_FILE = "P-FoodCollectionViewUITests/Info.plist";
				LD_RUNPATH_SEARCH_PATHS = "$(inherited) @executable_path/Frameworks @loader_path/Frameworks";
				PRODUCT_BUNDLE_IDENTIFIER = "com.CJS.P-FoodCollectionViewUITests";
				PRODUCT_NAME = "$(TARGET_NAME)";
				TEST_TARGET_NAME = "P-FoodCollectionView";
			};
			name = Debug;
		};
		11262F1D1D416F7600F1C0A9 /* Release */ = {
			isa = XCBuildConfiguration;
			buildSettings = {
				INFOPLIST_FILE = "P-FoodCollectionViewUITests/Info.plist";
				LD_RUNPATH_SEARCH_PATHS = "$(inherited) @executable_path/Frameworks @loader_path/Frameworks";
				PRODUCT_BUNDLE_IDENTIFIER = "com.CJS.P-FoodCollectionViewUITests";
				PRODUCT_NAME = "$(TARGET_NAME)";
				TEST_TARGET_NAME = "P-FoodCollectionView";
			};
			name = Release;
		};
/* End XCBuildConfiguration section */

/* Begin XCConfigurationList section */
		11262EE51D416F7600F1C0A9 /* Build configuration list for PBXProject "P-FoodCollectionView" */ = {
			isa = XCConfigurationList;
			buildConfigurations = (
				11262F131D416F7600F1C0A9 /* Debug */,
				11262F141D416F7600F1C0A9 /* Release */,
			);
			defaultConfigurationIsVisible = 0;
			defaultConfigurationName = Release;
		};
		11262F151D416F7600F1C0A9 /* Build configuration list for PBXNativeTarget "P-FoodCollectionView" */ = {
			isa = XCConfigurationList;
			buildConfigurations = (
				11262F161D416F7600F1C0A9 /* Debug */,
				11262F171D416F7600F1C0A9 /* Release */,
			);
			defaultConfigurationIsVisible = 0;
			defaultConfigurationName = Release;
		};
		11262F181D416F7600F1C0A9 /* Build configuration list for PBXNativeTarget "P-FoodCollectionViewTests" */ = {
			isa = XCConfigurationList;
			buildConfigurations = (
				11262F191D416F7600F1C0A9 /* Debug */,
				11262F1A1D416F7600F1C0A9 /* Release */,
			);
			defaultConfigurationIsVisible = 0;
			defaultConfigurationName = Release;
		};
		11262F1B1D416F7600F1C0A9 /* Build configuration list for PBXNativeTarget "P-FoodCollectionViewUITests" */ = {
			isa = XCConfigurationList;
			buildConfigurations = (
				11262F1C1D416F7600F1C0A9 /* Debug */,
				11262F1D1D416F7600F1C0A9 /* Release */,
			);
			defaultConfigurationIsVisible = 0;
			defaultConfigurationName = Release;
		};
/* End XCConfigurationList section */

/* Begin XCVersionGroup section */
		11262EF41D416F7600F1C0A9 /* P_FoodCollectionView.xcdatamodeld */ = {
			isa = XCVersionGroup;
			children = (
				11262EF51D416F7600F1C0A9 /* P_FoodCollectionView.xcdatamodel */,
			);
			currentVersion = 11262EF51D416F7600F1C0A9 /* P_FoodCollectionView.xcdatamodel */;
			path = P_FoodCollectionView.xcdatamodeld;
			sourceTree = "<group>";
			versionGroupType = wrapper.xcdatamodel;
		};
/* End XCVersionGroup section */
	};
	rootObject = 11262EE21D416F7600F1C0A9 /* Project object */;
}
