// !$*UTF8*$!
{
	archiveVersion = 1;
	classes = {
	};
	objectVersion = 46;
	objects = {

/* Begin PBXBuildFile section */
		115C9A4A1C7BCE51009D7D40 /* FactModel.swift in Sources */ = {isa = PBXBuildFile; fileRef = 115C9A491C7BCE51009D7D40 /* FactModel.swift */; };
		1160E9851C7E458B0035A60C /* ColorModel.swift in Sources */ = {isa = PBXBuildFile; fileRef = 1160E9841C7E458B0035A60C /* ColorModel.swift */; };
		11CC34F81C7A22DF0019D000 /* AppDelegate.swift in Sources */ = {isa = PBXBuildFile; fileRef = 11CC34F71C7A22DF0019D000 /* AppDelegate.swift */; };
		11CC34FA1C7A22DF0019D000 /* ViewController.swift in Sources */ = {isa = PBXBuildFile; fileRef = 11CC34F91C7A22DF0019D000 /* ViewController.swift */; };
		11CC34FD1C7A22DF0019D000 /* Main.storyboard in Resources */ = {isa = PBXBuildFile; fileRef = 11CC34FB1C7A22DF0019D000 /* Main.storyboard */; };
		11CC34FF1C7A22DF0019D000 /* Assets.xcassets in Resources */ = {isa = PBXBuildFile; fileRef = 11CC34FE1C7A22DF0019D000 /* Assets.xcassets */; };
		11CC35021C7A22DF0019D000 /* LaunchScreen.storyboard in Resources */ = {isa = PBXBuildFile; fileRef = 11CC35001C7A22DF0019D000 /* LaunchScreen.storyboard */; };
/* End PBXBuildFile section */

/* Begin PBXFileReference section */
		115C9A491C7BCE51009D7D40 /* FactModel.swift */ = {isa = PBXFileReference; fileEncoding = 4; lastKnownFileType = sourcecode.swift; path = FactModel.swift; sourceTree = "<group>"; };
		1160E9841C7E458B0035A60C /* ColorModel.swift */ = {isa = PBXFileReference; fileEncoding = 4; lastKnownFileType = sourcecode.swift; path = ColorModel.swift; sourceTree = "<group>"; };
		11CC34F41C7A22DF0019D000 /* FunFacts.app */ = {isa = PBXFileReference; explicitFileType = wrapper.application; includeInIndex = 0; path = FunFacts.app; sourceTree = BUILT_PRODUCTS_DIR; };
		11CC34F71C7A22DF0019D000 /* AppDelegate.swift */ = {isa = PBXFileReference; lastKnownFileType = sourcecode.swift; path = AppDelegate.swift; sourceTree = "<group>"; };
		11CC34F91C7A22DF0019D000 /* ViewController.swift */ = {isa = PBXFileReference; lastKnownFileType = sourcecode.swift; path = ViewController.swift; sourceTree = "<group>"; };
		11CC34FC1C7A22DF0019D000 /* Base */ = {isa = PBXFileReference; lastKnownFileType = file.storyboard; name = Base; path = Base.lproj/Main.storyboard; sourceTree = "<group>"; };
		11CC34FE1C7A22DF0019D000 /* Assets.xcassets */ = {isa = PBXFileReference; lastKnownFileType = folder.assetcatalog; path = Assets.xcassets; sourceTree = "<group>"; };
		11CC35011C7A22DF0019D000 /* Base */ = {isa = PBXFileReference; lastKnownFileType = file.storyboard; name = Base; path = Base.lproj/LaunchScreen.storyboard; sourceTree = "<group>"; };
		11CC35031C7A22DF0019D000 /* Info.plist */ = {isa = PBXFileReference; lastKnownFileType = text.plist.xml; path = Info.plist; sourceTree = "<group>"; };
/* End PBXFileReference section */

/* Begin PBXFrameworksBuildPhase section */
		11CC34F11C7A22DF0019D000 /* Frameworks */ = {
			isa = PBXFrameworksBuildPhase;
			buildActionMask = 2147483647;
			files = (
			);
			runOnlyForDeploymentPostprocessing = 0;
		};
/* End PBXFrameworksBuildPhase section */

/* Begin PBXGroup section */
		11CC34EB1C7A22DF0019D000 = {
			isa = PBXGroup;
			children = (
				11CC34F61C7A22DF0019D000 /* FunFacts */,
				11CC34F51C7A22DF0019D000 /* Products */,
			);
			sourceTree = "<group>";
		};
		11CC34F51C7A22DF0019D000 /* Products */ = {
			isa = PBXGroup;
			children = (
				11CC34F41C7A22DF0019D000 /* FunFacts.app */,
			);
			name = Products;
			sourceTree = "<group>";
		};
		11CC34F61C7A22DF0019D000 /* FunFacts */ = {
			isa = PBXGroup;
			children = (
				11CC34F71C7A22DF0019D000 /* AppDelegate.swift */,
				11CC34F91C7A22DF0019D000 /* ViewController.swift */,
				115C9A491C7BCE51009D7D40 /* FactModel.swift */,
				11CC34FB1C7A22DF0019D000 /* Main.storyboard */,
				11CC34FE1C7A22DF0019D000 /* Assets.xcassets */,
				11CC35001C7A22DF0019D000 /* LaunchScreen.storyboard */,
				11CC35031C7A22DF0019D000 /* Info.plist */,
				1160E9841C7E458B0035A60C /* ColorModel.swift */,
			);
			path = FunFacts;
			sourceTree = "<group>";
		};
/* End PBXGroup section */

/* Begin PBXNativeTarget section */
		11CC34F31C7A22DF0019D000 /* FunFacts */ = {
			isa = PBXNativeTarget;
			buildConfigurationList = 11CC35061C7A22DF0019D000 /* Build configuration list for PBXNativeTarget "FunFacts" */;
			buildPhases = (
				11CC34F01C7A22DF0019D000 /* Sources */,
				11CC34F11C7A22DF0019D000 /* Frameworks */,
				11CC34F21C7A22DF0019D000 /* Resources */,
			);
			buildRules = (
			);
			dependencies = (
			);
			name = FunFacts;
			productName = FunFacts;
			productReference = 11CC34F41C7A22DF0019D000 /* FunFacts.app */;
			productType = "com.apple.product-type.application";
		};
/* End PBXNativeTarget section */

/* Begin PBXProject section */
		11CC34EC1C7A22DF0019D000 /* Project object */ = {
			isa = PBXProject;
			attributes = {
				LastSwiftUpdateCheck = 0720;
				LastUpgradeCheck = 0720;
				ORGANIZATIONNAME = "CJS ";
				TargetAttributes = {
					11CC34F31C7A22DF0019D000 = {
						CreatedOnToolsVersion = 7.2.1;
					};
				};
			};
			buildConfigurationList = 11CC34EF1C7A22DF0019D000 /* Build configuration list for PBXProject "FunFacts" */;
			compatibilityVersion = "Xcode 3.2";
			developmentRegion = English;
			hasScannedForEncodings = 0;
			knownRegions = (
				en,
				Base,
			);
			mainGroup = 11CC34EB1C7A22DF0019D000;
			productRefGroup = 11CC34F51C7A22DF0019D000 /* Products */;
			projectDirPath = "";
			projectRoot = "";
			targets = (
				11CC34F31C7A22DF0019D000 /* FunFacts */,
			);
		};
/* End PBXProject section */

/* Begin PBXResourcesBuildPhase section */
		11CC34F21C7A22DF0019D000 /* Resources */ = {
			isa = PBXResourcesBuildPhase;
			buildActionMask = 2147483647;
			files = (
				11CC35021C7A22DF0019D000 /* LaunchScreen.storyboard in Resources */,
				11CC34FF1C7A22DF0019D000 /* Assets.xcassets in Resources */,
				11CC34FD1C7A22DF0019D000 /* Main.storyboard in Resources */,
			);
			runOnlyForDeploymentPostprocessing = 0;
		};
/* End PBXResourcesBuildPhase section */

/* Begin PBXSourcesBuildPhase section */
		11CC34F01C7A22DF0019D000 /* Sources */ = {
			isa = PBXSourcesBuildPhase;
			buildActionMask = 2147483647;
			files = (
				115C9A4A1C7BCE51009D7D40 /* FactModel.swift in Sources */,
				11CC34FA1C7A22DF0019D000 /* ViewController.swift in Sources */,
				11CC34F81C7A22DF0019D000 /* AppDelegate.swift in Sources */,
				1160E9851C7E458B0035A60C /* ColorModel.swift in Sources */,
			);
			runOnlyForDeploymentPostprocessing = 0;
		};
/* End PBXSourcesBuildPhase section */

/* Begin PBXVariantGroup section */
		11CC34FB1C7A22DF0019D000 /* Main.storyboard */ = {
			isa = PBXVariantGroup;
			children = (
				11CC34FC1C7A22DF0019D000 /* Base */,
			);
			name = Main.storyboard;
			sourceTree = "<group>";
		};
		11CC35001C7A22DF0019D000 /* LaunchScreen.storyboard */ = {
			isa = PBXVariantGroup;
			children = (
				11CC35011C7A22DF0019D000 /* Base */,
			);
			name = LaunchScreen.storyboard;
			sourceTree = "<group>";
		};
/* End PBXVariantGroup section */

/* Begin XCBuildConfiguration section */
		11CC35041C7A22DF0019D000 /* Debug */ = {
			isa = XCBuildConfiguration;
			buildSettings = {
				ALWAYS_SEARCH_USER_PATHS = NO;
				CLANG_CXX_LANGUAGE_STANDARD = "gnu++0x";
				CLANG_CXX_LIBRARY = "libc++";
				CLANG_ENABLE_MODULES = YES;
				CLANG_ENABLE_OBJC_ARC = YES;
				CLANG_WARN_BOOL_CONVERSION = YES;
				CLANG_WARN_CONSTANT_CONVERSION = YES;
				CLANG_WARN_DIRECT_OBJC_ISA_USAGE = YES_ERROR;
				CLANG_WARN_EMPTY_BODY = YES;
				CLANG_WARN_ENUM_CONVERSION = YES;
				CLANG_WARN_INT_CONVERSION = YES;
				CLANG_WARN_OBJC_ROOT_CLASS = YES_ERROR;
				CLANG_WARN_UNREACHABLE_CODE = YES;
				CLANG_WARN__DUPLICATE_METHOD_MATCH = YES;
				"CODE_SIGN_IDENTITY[sdk=iphoneos*]" = "iPhone Developer";
				COPY_PHASE_STRIP = NO;
				DEBUG_INFORMATION_FORMAT = dwarf;
				ENABLE_STRICT_OBJC_MSGSEND = YES;
				ENABLE_TESTABILITY = YES;
				GCC_C_LANGUAGE_STANDARD = gnu99;
				GCC_DYNAMIC_NO_PIC = NO;
				GCC_NO_COMMON_BLOCKS = YES;
				GCC_OPTIMIZATION_LEVEL = 0;
				GCC_PREPROCESSOR_DEFINITIONS = (
					"DEBUG=1",
					"$(inherited)",
				);
				GCC_WARN_64_TO_32_BIT_CONVERSION = YES;
				GCC_WARN_ABOUT_RETURN_TYPE = YES_ERROR;
				GCC_WARN_UNDECLARED_SELECTOR = YES;
				GCC_WARN_UNINITIALIZED_AUTOS = YES_AGGRESSIVE;
				GCC_WARN_UNUSED_FUNCTION = YES;
				GCC_WARN_UNUSED_VARIABLE = YES;
				IPHONEOS_DEPLOYMENT_TARGET = 9.2;
				MTL_ENABLE_DEBUG_INFO = YES;
				ONLY_ACTIVE_ARCH = YES;
				SDKROOT = iphoneos;
				SWIFT_OPTIMIZATION_LEVEL = "-Onone";
			};
			name = Debug;
		};
		11CC35051C7A22DF0019D000 /* Release */ = {
			isa = XCBuildConfiguration;
			buildSettings = {
				ALWAYS_SEARCH_USER_PATHS = NO;
				CLANG_CXX_LANGUAGE_STANDARD = "gnu++0x";
				CLANG_CXX_LIBRARY = "libc++";
				CLANG_ENABLE_MODULES = YES;
				CLANG_ENABLE_OBJC_ARC = YES;
				CLANG_WARN_BOOL_CONVERSION = YES;
				CLANG_WARN_CONSTANT_CONVERSION = YES;
				CLANG_WARN_DIRECT_OBJC_ISA_USAGE = YES_ERROR;
				CLANG_WARN_EMPTY_BODY = YES;
				CLANG_WARN_ENUM_CONVERSION = YES;
				CLANG_WARN_INT_CONVERSION = YES;
				CLANG_WARN_OBJC_ROOT_CLASS = YES_ERROR;
				CLANG_WARN_UNREACHABLE_CODE = YES;
				CLANG_WARN__DUPLICATE_METHOD_MATCH = YES;
				"CODE_SIGN_IDENTITY[sdk=iphoneos*]" = "iPhone Developer";
				COPY_PHASE_STRIP = NO;
				DEBUG_INFORMATION_FORMAT = "dwarf-with-dsym";
				ENABLE_NS_ASSERTIONS = NO;
				ENABLE_STRICT_OBJC_MSGSEND = YES;
				GCC_C_LANGUAGE_STANDARD = gnu99;
				GCC_NO_COMMON_BLOCKS = YES;
				GCC_WARN_64_TO_32_BIT_CONVERSION = YES;
				GCC_WARN_ABOUT_RETURN_TYPE = YES_ERROR;
				GCC_WARN_UNDECLARED_SELECTOR = YES;
				GCC_WARN_UNINITIALIZED_AUTOS = YES_AGGRESSIVE;
				GCC_WARN_UNUSED_FUNCTION = YES;
				GCC_WARN_UNUSED_VARIABLE = YES;
				IPHONEOS_DEPLOYMENT_TARGET = 9.2;
				MTL_ENABLE_DEBUG_INFO = NO;
				SDKROOT = iphoneos;
				VALIDATE_PRODUCT = YES;
			};
			name = Release;
		};
		11CC35071C7A22DF0019D000 /* Debug */ = {
			isa = XCBuildConfiguration;
			buildSettings = {
				ASSETCATALOG_COMPILER_APPICON_NAME = AppIcon;
				INFOPLIST_FILE = FunFacts/Info.plist;
				LD_RUNPATH_SEARCH_PATHS = "$(inherited) @executable_path/Frameworks";
				PRODUCT_BUNDLE_IDENTIFIER = com.teamtreehouse.FunFacts;
				PRODUCT_NAME = "$(TARGET_NAME)";
			};
			name = Debug;
		};
		11CC35081C7A22DF0019D000 /* Release */ = {
			isa = XCBuildConfiguration;
			buildSettings = {
				ASSETCATALOG_COMPILER_APPICON_NAME = AppIcon;
				INFOPLIST_FILE = FunFacts/Info.plist;
				LD_RUNPATH_SEARCH_PATHS = "$(inherited) @executable_path/Frameworks";
				PRODUCT_BUNDLE_IDENTIFIER = com.teamtreehouse.FunFacts;
				PRODUCT_NAME = "$(TARGET_NAME)";
			};
			name = Release;
		};
/* End XCBuildConfiguration section */

/* Begin XCConfigurationList section */
		11CC34EF1C7A22DF0019D000 /* Build configuration list for PBXProject "FunFacts" */ = {
			isa = XCConfigurationList;
			buildConfigurations = (
				11CC35041C7A22DF0019D000 /* Debug */,
				11CC35051C7A22DF0019D000 /* Release */,
			);
			defaultConfigurationIsVisible = 0;
			defaultConfigurationName = Release;
		};
		11CC35061C7A22DF0019D000 /* Build configuration list for PBXNativeTarget "FunFacts" */ = {
			isa = XCConfigurationList;
			buildConfigurations = (
				11CC35071C7A22DF0019D000 /* Debug */,
				11CC35081C7A22DF0019D000 /* Release */,
			);
			defaultConfigurationIsVisible = 0;
			defaultConfigurationName = Release;
		};
/* End XCConfigurationList section */
	};
	rootObject = 11CC34EC1C7A22DF0019D000 /* Project object */;
}
