// !$*UTF8*$!
{
	archiveVersion = 1;
	classes = {
	};
	objectVersion = 46;
	objects = {

/* Begin PBXBuildFile section */
		110AD0011D25C8F6005F51E8 /* AddInfoController.swift in Sources */ = {isa = PBXBuildFile; fileRef = 110AD0001D25C8F6005F51E8 /* AddInfoController.swift */; };
		110AD0031D25C91E005F51E8 /* InfoCompleteController.swift in Sources */ = {isa = PBXBuildFile; fileRef = 110AD0021D25C91E005F51E8 /* InfoCompleteController.swift */; };
		110AD0051D25CF67005F51E8 /* AddNameController.swift in Sources */ = {isa = PBXBuildFile; fileRef = 110AD0041D25CF67005F51E8 /* AddNameController.swift */; };
		118EF7541D22FBA700403084 /* AppDelegate.swift in Sources */ = {isa = PBXBuildFile; fileRef = 118EF7531D22FBA700403084 /* AppDelegate.swift */; };
		118EF7571D22FBA700403084 /* GiftApp.xcdatamodeld in Sources */ = {isa = PBXBuildFile; fileRef = 118EF7551D22FBA700403084 /* GiftApp.xcdatamodeld */; };
		118EF7591D22FBA700403084 /* MasterViewController.swift in Sources */ = {isa = PBXBuildFile; fileRef = 118EF7581D22FBA700403084 /* MasterViewController.swift */; };
		118EF75B1D22FBA700403084 /* DetailViewController.swift in Sources */ = {isa = PBXBuildFile; fileRef = 118EF75A1D22FBA700403084 /* DetailViewController.swift */; };
		118EF75E1D22FBA700403084 /* Main.storyboard in Resources */ = {isa = PBXBuildFile; fileRef = 118EF75C1D22FBA700403084 /* Main.storyboard */; };
		118EF7601D22FBA700403084 /* Assets.xcassets in Resources */ = {isa = PBXBuildFile; fileRef = 118EF75F1D22FBA700403084 /* Assets.xcassets */; };
		118EF7631D22FBA700403084 /* LaunchScreen.storyboard in Resources */ = {isa = PBXBuildFile; fileRef = 118EF7611D22FBA700403084 /* LaunchScreen.storyboard */; };
		118EF76E1D22FBA700403084 /* GiftAppTests.swift in Sources */ = {isa = PBXBuildFile; fileRef = 118EF76D1D22FBA700403084 /* GiftAppTests.swift */; };
		118EF7791D22FBA700403084 /* GiftAppUITests.swift in Sources */ = {isa = PBXBuildFile; fileRef = 118EF7781D22FBA700403084 /* GiftAppUITests.swift */; };
		118EF7871D2317E100403084 /* AddGiftController.swift in Sources */ = {isa = PBXBuildFile; fileRef = 118EF7861D2317E100403084 /* AddGiftController.swift */; };
/* End PBXBuildFile section */

/* Begin PBXContainerItemProxy section */
		118EF76A1D22FBA700403084 /* PBXContainerItemProxy */ = {
			isa = PBXContainerItemProxy;
			containerPortal = 118EF7481D22FBA600403084 /* Project object */;
			proxyType = 1;
			remoteGlobalIDString = 118EF74F1D22FBA600403084;
			remoteInfo = GiftApp;
		};
		118EF7751D22FBA700403084 /* PBXContainerItemProxy */ = {
			isa = PBXContainerItemProxy;
			containerPortal = 118EF7481D22FBA600403084 /* Project object */;
			proxyType = 1;
			remoteGlobalIDString = 118EF74F1D22FBA600403084;
			remoteInfo = GiftApp;
		};
/* End PBXContainerItemProxy section */

/* Begin PBXFileReference section */
		110AD0001D25C8F6005F51E8 /* AddInfoController.swift */ = {isa = PBXFileReference; fileEncoding = 4; lastKnownFileType = sourcecode.swift; path = AddInfoController.swift; sourceTree = "<group>"; };
		110AD0021D25C91E005F51E8 /* InfoCompleteController.swift */ = {isa = PBXFileReference; fileEncoding = 4; lastKnownFileType = sourcecode.swift; path = InfoCompleteController.swift; sourceTree = "<group>"; };
		110AD0041D25CF67005F51E8 /* AddNameController.swift */ = {isa = PBXFileReference; fileEncoding = 4; lastKnownFileType = sourcecode.swift; path = AddNameController.swift; sourceTree = "<group>"; };
		118EF7501D22FBA700403084 /* GiftApp.app */ = {isa = PBXFileReference; explicitFileType = wrapper.application; includeInIndex = 0; path = GiftApp.app; sourceTree = BUILT_PRODUCTS_DIR; };
		118EF7531D22FBA700403084 /* AppDelegate.swift */ = {isa = PBXFileReference; lastKnownFileType = sourcecode.swift; path = AppDelegate.swift; sourceTree = "<group>"; };
		118EF7561D22FBA700403084 /* GiftApp.xcdatamodel */ = {isa = PBXFileReference; lastKnownFileType = wrapper.xcdatamodel; path = GiftApp.xcdatamodel; sourceTree = "<group>"; };
		118EF7581D22FBA700403084 /* MasterViewController.swift */ = {isa = PBXFileReference; lastKnownFileType = sourcecode.swift; path = MasterViewController.swift; sourceTree = "<group>"; };
		118EF75A1D22FBA700403084 /* DetailViewController.swift */ = {isa = PBXFileReference; lastKnownFileType = sourcecode.swift; path = DetailViewController.swift; sourceTree = "<group>"; };
		118EF75D1D22FBA700403084 /* Base */ = {isa = PBXFileReference; lastKnownFileType = file.storyboard; name = Base; path = Base.lproj/Main.storyboard; sourceTree = "<group>"; };
		118EF75F1D22FBA700403084 /* Assets.xcassets */ = {isa = PBXFileReference; lastKnownFileType = folder.assetcatalog; path = Assets.xcassets; sourceTree = "<group>"; };
		118EF7621D22FBA700403084 /* Base */ = {isa = PBXFileReference; lastKnownFileType = file.storyboard; name = Base; path = Base.lproj/LaunchScreen.storyboard; sourceTree = "<group>"; };
		118EF7641D22FBA700403084 /* Info.plist */ = {isa = PBXFileReference; lastKnownFileType = text.plist.xml; path = Info.plist; sourceTree = "<group>"; };
		118EF7691D22FBA700403084 /* GiftAppTests.xctest */ = {isa = PBXFileReference; explicitFileType = wrapper.cfbundle; includeInIndex = 0; path = GiftAppTests.xctest; sourceTree = BUILT_PRODUCTS_DIR; };
		118EF76D1D22FBA700403084 /* GiftAppTests.swift */ = {isa = PBXFileReference; lastKnownFileType = sourcecode.swift; path = GiftAppTests.swift; sourceTree = "<group>"; };
		118EF76F1D22FBA700403084 /* Info.plist */ = {isa = PBXFileReference; lastKnownFileType = text.plist.xml; path = Info.plist; sourceTree = "<group>"; };
		118EF7741D22FBA700403084 /* GiftAppUITests.xctest */ = {isa = PBXFileReference; explicitFileType = wrapper.cfbundle; includeInIndex = 0; path = GiftAppUITests.xctest; sourceTree = BUILT_PRODUCTS_DIR; };
		118EF7781D22FBA700403084 /* GiftAppUITests.swift */ = {isa = PBXFileReference; lastKnownFileType = sourcecode.swift; path = GiftAppUITests.swift; sourceTree = "<group>"; };
		118EF77A1D22FBA700403084 /* Info.plist */ = {isa = PBXFileReference; lastKnownFileType = text.plist.xml; path = Info.plist; sourceTree = "<group>"; };
		118EF7861D2317E100403084 /* AddGiftController.swift */ = {isa = PBXFileReference; fileEncoding = 4; lastKnownFileType = sourcecode.swift; path = AddGiftController.swift; sourceTree = "<group>"; };
/* End PBXFileReference section */

/* Begin PBXFrameworksBuildPhase section */
		118EF74D1D22FBA600403084 /* Frameworks */ = {
			isa = PBXFrameworksBuildPhase;
			buildActionMask = 2147483647;
			files = (
			);
			runOnlyForDeploymentPostprocessing = 0;
		};
		118EF7661D22FBA700403084 /* Frameworks */ = {
			isa = PBXFrameworksBuildPhase;
			buildActionMask = 2147483647;
			files = (
			);
			runOnlyForDeploymentPostprocessing = 0;
		};
		118EF7711D22FBA700403084 /* Frameworks */ = {
			isa = PBXFrameworksBuildPhase;
			buildActionMask = 2147483647;
			files = (
			);
			runOnlyForDeploymentPostprocessing = 0;
		};
/* End PBXFrameworksBuildPhase section */

/* Begin PBXGroup section */
		118EF7471D22FBA600403084 = {
			isa = PBXGroup;
			children = (
				118EF7521D22FBA700403084 /* GiftApp */,
				118EF76C1D22FBA700403084 /* GiftAppTests */,
				118EF7771D22FBA700403084 /* GiftAppUITests */,
				118EF7511D22FBA700403084 /* Products */,
			);
			sourceTree = "<group>";
		};
		118EF7511D22FBA700403084 /* Products */ = {
			isa = PBXGroup;
			children = (
				118EF7501D22FBA700403084 /* GiftApp.app */,
				118EF7691D22FBA700403084 /* GiftAppTests.xctest */,
				118EF7741D22FBA700403084 /* GiftAppUITests.xctest */,
			);
			name = Products;
			sourceTree = "<group>";
		};
		118EF7521D22FBA700403084 /* GiftApp */ = {
			isa = PBXGroup;
			children = (
				118EF7531D22FBA700403084 /* AppDelegate.swift */,
				118EF7581D22FBA700403084 /* MasterViewController.swift */,
				118EF75A1D22FBA700403084 /* DetailViewController.swift */,
				118EF75C1D22FBA700403084 /* Main.storyboard */,
				110AD0041D25CF67005F51E8 /* AddNameController.swift */,
				110AD0021D25C91E005F51E8 /* InfoCompleteController.swift */,
				110AD0001D25C8F6005F51E8 /* AddInfoController.swift */,
				118EF7861D2317E100403084 /* AddGiftController.swift */,
				118EF75F1D22FBA700403084 /* Assets.xcassets */,
				118EF7611D22FBA700403084 /* LaunchScreen.storyboard */,
				118EF7641D22FBA700403084 /* Info.plist */,
				118EF7551D22FBA700403084 /* GiftApp.xcdatamodeld */,
			);
			path = GiftApp;
			sourceTree = "<group>";
		};
		118EF76C1D22FBA700403084 /* GiftAppTests */ = {
			isa = PBXGroup;
			children = (
				118EF76D1D22FBA700403084 /* GiftAppTests.swift */,
				118EF76F1D22FBA700403084 /* Info.plist */,
			);
			path = GiftAppTests;
			sourceTree = "<group>";
		};
		118EF7771D22FBA700403084 /* GiftAppUITests */ = {
			isa = PBXGroup;
			children = (
				118EF7781D22FBA700403084 /* GiftAppUITests.swift */,
				118EF77A1D22FBA700403084 /* Info.plist */,
			);
			path = GiftAppUITests;
			sourceTree = "<group>";
		};
/* End PBXGroup section */

/* Begin PBXNativeTarget section */
		118EF74F1D22FBA600403084 /* GiftApp */ = {
			isa = PBXNativeTarget;
			buildConfigurationList = 118EF77D1D22FBA700403084 /* Build configuration list for PBXNativeTarget "GiftApp" */;
			buildPhases = (
				118EF74C1D22FBA600403084 /* Sources */,
				118EF74D1D22FBA600403084 /* Frameworks */,
				118EF74E1D22FBA600403084 /* Resources */,
			);
			buildRules = (
			);
			dependencies = (
			);
			name = GiftApp;
			productName = GiftApp;
			productReference = 118EF7501D22FBA700403084 /* GiftApp.app */;
			productType = "com.apple.product-type.application";
		};
		118EF7681D22FBA700403084 /* GiftAppTests */ = {
			isa = PBXNativeTarget;
			buildConfigurationList = 118EF7801D22FBA700403084 /* Build configuration list for PBXNativeTarget "GiftAppTests" */;
			buildPhases = (
				118EF7651D22FBA700403084 /* Sources */,
				118EF7661D22FBA700403084 /* Frameworks */,
				118EF7671D22FBA700403084 /* Resources */,
			);
			buildRules = (
			);
			dependencies = (
				118EF76B1D22FBA700403084 /* PBXTargetDependency */,
			);
			name = GiftAppTests;
			productName = GiftAppTests;
			productReference = 118EF7691D22FBA700403084 /* GiftAppTests.xctest */;
			productType = "com.apple.product-type.bundle.unit-test";
		};
		118EF7731D22FBA700403084 /* GiftAppUITests */ = {
			isa = PBXNativeTarget;
			buildConfigurationList = 118EF7831D22FBA700403084 /* Build configuration list for PBXNativeTarget "GiftAppUITests" */;
			buildPhases = (
				118EF7701D22FBA700403084 /* Sources */,
				118EF7711D22FBA700403084 /* Frameworks */,
				118EF7721D22FBA700403084 /* Resources */,
			);
			buildRules = (
			);
			dependencies = (
				118EF7761D22FBA700403084 /* PBXTargetDependency */,
			);
			name = GiftAppUITests;
			productName = GiftAppUITests;
			productReference = 118EF7741D22FBA700403084 /* GiftAppUITests.xctest */;
			productType = "com.apple.product-type.bundle.ui-testing";
		};
/* End PBXNativeTarget section */

/* Begin PBXProject section */
		118EF7481D22FBA600403084 /* Project object */ = {
			isa = PBXProject;
			attributes = {
				LastSwiftUpdateCheck = 0730;
				LastUpgradeCheck = 0730;
				ORGANIZATIONNAME = "CJS ";
				TargetAttributes = {
					118EF74F1D22FBA600403084 = {
						CreatedOnToolsVersion = 7.3.1;
						DevelopmentTeam = 4SM7NHSWAW;
					};
					118EF7681D22FBA700403084 = {
						CreatedOnToolsVersion = 7.3.1;
						TestTargetID = 118EF74F1D22FBA600403084;
					};
					118EF7731D22FBA700403084 = {
						CreatedOnToolsVersion = 7.3.1;
						TestTargetID = 118EF74F1D22FBA600403084;
					};
				};
			};
			buildConfigurationList = 118EF74B1D22FBA600403084 /* Build configuration list for PBXProject "GiftApp" */;
			compatibilityVersion = "Xcode 3.2";
			developmentRegion = English;
			hasScannedForEncodings = 0;
			knownRegions = (
				en,
				Base,
			);
			mainGroup = 118EF7471D22FBA600403084;
			productRefGroup = 118EF7511D22FBA700403084 /* Products */;
			projectDirPath = "";
			projectRoot = "";
			targets = (
				118EF74F1D22FBA600403084 /* GiftApp */,
				118EF7681D22FBA700403084 /* GiftAppTests */,
				118EF7731D22FBA700403084 /* GiftAppUITests */,
			);
		};
/* End PBXProject section */

/* Begin PBXResourcesBuildPhase section */
		118EF74E1D22FBA600403084 /* Resources */ = {
			isa = PBXResourcesBuildPhase;
			buildActionMask = 2147483647;
			files = (
				118EF7631D22FBA700403084 /* LaunchScreen.storyboard in Resources */,
				118EF7601D22FBA700403084 /* Assets.xcassets in Resources */,
				118EF75E1D22FBA700403084 /* Main.storyboard in Resources */,
			);
			runOnlyForDeploymentPostprocessing = 0;
		};
		118EF7671D22FBA700403084 /* Resources */ = {
			isa = PBXResourcesBuildPhase;
			buildActionMask = 2147483647;
			files = (
			);
			runOnlyForDeploymentPostprocessing = 0;
		};
		118EF7721D22FBA700403084 /* Resources */ = {
			isa = PBXResourcesBuildPhase;
			buildActionMask = 2147483647;
			files = (
			);
			runOnlyForDeploymentPostprocessing = 0;
		};
/* End PBXResourcesBuildPhase section */

/* Begin PBXSourcesBuildPhase section */
		118EF74C1D22FBA600403084 /* Sources */ = {
			isa = PBXSourcesBuildPhase;
			buildActionMask = 2147483647;
			files = (
				110AD0051D25CF67005F51E8 /* AddNameController.swift in Sources */,
				110AD0031D25C91E005F51E8 /* InfoCompleteController.swift in Sources */,
				118EF7541D22FBA700403084 /* AppDelegate.swift in Sources */,
				118EF7571D22FBA700403084 /* GiftApp.xcdatamodeld in Sources */,
				118EF7591D22FBA700403084 /* MasterViewController.swift in Sources */,
				118EF75B1D22FBA700403084 /* DetailViewController.swift in Sources */,
				110AD0011D25C8F6005F51E8 /* AddInfoController.swift in Sources */,
				118EF7871D2317E100403084 /* AddGiftController.swift in Sources */,
			);
			runOnlyForDeploymentPostprocessing = 0;
		};
		118EF7651D22FBA700403084 /* Sources */ = {
			isa = PBXSourcesBuildPhase;
			buildActionMask = 2147483647;
			files = (
				118EF76E1D22FBA700403084 /* GiftAppTests.swift in Sources */,
			);
			runOnlyForDeploymentPostprocessing = 0;
		};
		118EF7701D22FBA700403084 /* Sources */ = {
			isa = PBXSourcesBuildPhase;
			buildActionMask = 2147483647;
			files = (
				118EF7791D22FBA700403084 /* GiftAppUITests.swift in Sources */,
			);
			runOnlyForDeploymentPostprocessing = 0;
		};
/* End PBXSourcesBuildPhase section */

/* Begin PBXTargetDependency section */
		118EF76B1D22FBA700403084 /* PBXTargetDependency */ = {
			isa = PBXTargetDependency;
			target = 118EF74F1D22FBA600403084 /* GiftApp */;
			targetProxy = 118EF76A1D22FBA700403084 /* PBXContainerItemProxy */;
		};
		118EF7761D22FBA700403084 /* PBXTargetDependency */ = {
			isa = PBXTargetDependency;
			target = 118EF74F1D22FBA600403084 /* GiftApp */;
			targetProxy = 118EF7751D22FBA700403084 /* PBXContainerItemProxy */;
		};
/* End PBXTargetDependency section */

/* Begin PBXVariantGroup section */
		118EF75C1D22FBA700403084 /* Main.storyboard */ = {
			isa = PBXVariantGroup;
			children = (
				118EF75D1D22FBA700403084 /* Base */,
			);
			name = Main.storyboard;
			sourceTree = "<group>";
		};
		118EF7611D22FBA700403084 /* LaunchScreen.storyboard */ = {
			isa = PBXVariantGroup;
			children = (
				118EF7621D22FBA700403084 /* Base */,
			);
			name = LaunchScreen.storyboard;
			sourceTree = "<group>";
		};
/* End PBXVariantGroup section */

/* Begin XCBuildConfiguration section */
		118EF77B1D22FBA700403084 /* Debug */ = {
			isa = XCBuildConfiguration;
			buildSettings = {
				ALWAYS_SEARCH_USER_PATHS = NO;
				CLANG_ANALYZER_NONNULL = YES;
				CLANG_CXX_LANGUAGE_STANDARD = "gnu++0x";
				CLANG_CXX_LIBRARY = "libc++";
				CLANG_ENABLE_MODULES = YES;
				CLANG_ENABLE_OBJC_ARC = YES;
				CLANG_WARN_BOOL_CONVERSION = YES;
				CLANG_WARN_CONSTANT_CONVERSION = YES;
				CLANG_WARN_DIRECT_OBJC_ISA_USAGE = YES_ERROR;
				CLANG_WARN_EMPTY_BODY = YES;
				CLANG_WARN_ENUM_CONVERSION = YES;
				CLANG_WARN_INT_CONVERSION = YES;
				CLANG_WARN_OBJC_ROOT_CLASS = YES_ERROR;
				CLANG_WARN_UNREACHABLE_CODE = YES;
				CLANG_WARN__DUPLICATE_METHOD_MATCH = YES;
				"CODE_SIGN_IDENTITY[sdk=iphoneos*]" = "iPhone Developer";
				COPY_PHASE_STRIP = NO;
				DEBUG_INFORMATION_FORMAT = dwarf;
				ENABLE_STRICT_OBJC_MSGSEND = YES;
				ENABLE_TESTABILITY = YES;
				GCC_C_LANGUAGE_STANDARD = gnu99;
				GCC_DYNAMIC_NO_PIC = NO;
				GCC_NO_COMMON_BLOCKS = YES;
				GCC_OPTIMIZATION_LEVEL = 0;
				GCC_PREPROCESSOR_DEFINITIONS = (
					"DEBUG=1",
					"$(inherited)",
				);
				GCC_WARN_64_TO_32_BIT_CONVERSION = YES;
				GCC_WARN_ABOUT_RETURN_TYPE = YES_ERROR;
				GCC_WARN_UNDECLARED_SELECTOR = YES;
				GCC_WARN_UNINITIALIZED_AUTOS = YES_AGGRESSIVE;
				GCC_WARN_UNUSED_FUNCTION = YES;
				GCC_WARN_UNUSED_VARIABLE = YES;
				IPHONEOS_DEPLOYMENT_TARGET = 9.3;
				MTL_ENABLE_DEBUG_INFO = YES;
				ONLY_ACTIVE_ARCH = YES;
				SDKROOT = iphoneos;
				SWIFT_OPTIMIZATION_LEVEL = "-Onone";
			};
			name = Debug;
		};
		118EF77C1D22FBA700403084 /* Release */ = {
			isa = XCBuildConfiguration;
			buildSettings = {
				ALWAYS_SEARCH_USER_PATHS = NO;
				CLANG_ANALYZER_NONNULL = YES;
				CLANG_CXX_LANGUAGE_STANDARD = "gnu++0x";
				CLANG_CXX_LIBRARY = "libc++";
				CLANG_ENABLE_MODULES = YES;
				CLANG_ENABLE_OBJC_ARC = YES;
				CLANG_WARN_BOOL_CONVERSION = YES;
				CLANG_WARN_CONSTANT_CONVERSION = YES;
				CLANG_WARN_DIRECT_OBJC_ISA_USAGE = YES_ERROR;
				CLANG_WARN_EMPTY_BODY = YES;
				CLANG_WARN_ENUM_CONVERSION = YES;
				CLANG_WARN_INT_CONVERSION = YES;
				CLANG_WARN_OBJC_ROOT_CLASS = YES_ERROR;
				CLANG_WARN_UNREACHABLE_CODE = YES;
				CLANG_WARN__DUPLICATE_METHOD_MATCH = YES;
				"CODE_SIGN_IDENTITY[sdk=iphoneos*]" = "iPhone Developer";
				COPY_PHASE_STRIP = NO;
				DEBUG_INFORMATION_FORMAT = "dwarf-with-dsym";
				ENABLE_NS_ASSERTIONS = NO;
				ENABLE_STRICT_OBJC_MSGSEND = YES;
				GCC_C_LANGUAGE_STANDARD = gnu99;
				GCC_NO_COMMON_BLOCKS = YES;
				GCC_WARN_64_TO_32_BIT_CONVERSION = YES;
				GCC_WARN_ABOUT_RETURN_TYPE = YES_ERROR;
				GCC_WARN_UNDECLARED_SELECTOR = YES;
				GCC_WARN_UNINITIALIZED_AUTOS = YES_AGGRESSIVE;
				GCC_WARN_UNUSED_FUNCTION = YES;
				GCC_WARN_UNUSED_VARIABLE = YES;
				IPHONEOS_DEPLOYMENT_TARGET = 9.3;
				MTL_ENABLE_DEBUG_INFO = NO;
				SDKROOT = iphoneos;
				VALIDATE_PRODUCT = YES;
			};
			name = Release;
		};
		118EF77E1D22FBA700403084 /* Debug */ = {
			isa = XCBuildConfiguration;
			buildSettings = {
				ASSETCATALOG_COMPILER_APPICON_NAME = AppIcon;
				CODE_SIGN_IDENTITY = "iPhone Developer";
				"CODE_SIGN_IDENTITY[sdk=iphoneos*]" = "iPhone Developer";
				INFOPLIST_FILE = GiftApp/Info.plist;
				LD_RUNPATH_SEARCH_PATHS = "$(inherited) @executable_path/Frameworks";
				PRODUCT_BUNDLE_IDENTIFIER = com.CJS.GiftApp;
				PRODUCT_NAME = "$(TARGET_NAME)";
				PROVISIONING_PROFILE = "";
			};
			name = Debug;
		};
		118EF77F1D22FBA700403084 /* Release */ = {
			isa = XCBuildConfiguration;
			buildSettings = {
				ASSETCATALOG_COMPILER_APPICON_NAME = AppIcon;
				CODE_SIGN_IDENTITY = "iPhone Developer";
				"CODE_SIGN_IDENTITY[sdk=iphoneos*]" = "iPhone Developer";
				INFOPLIST_FILE = GiftApp/Info.plist;
				LD_RUNPATH_SEARCH_PATHS = "$(inherited) @executable_path/Frameworks";
				PRODUCT_BUNDLE_IDENTIFIER = com.CJS.GiftApp;
				PRODUCT_NAME = "$(TARGET_NAME)";
				PROVISIONING_PROFILE = "";
			};
			name = Release;
		};
		118EF7811D22FBA700403084 /* Debug */ = {
			isa = XCBuildConfiguration;
			buildSettings = {
				BUNDLE_LOADER = "$(TEST_HOST)";
				INFOPLIST_FILE = GiftAppTests/Info.plist;
				LD_RUNPATH_SEARCH_PATHS = "$(inherited) @executable_path/Frameworks @loader_path/Frameworks";
				PRODUCT_BUNDLE_IDENTIFIER = com.CJS.GiftAppTests;
				PRODUCT_NAME = "$(TARGET_NAME)";
				TEST_HOST = "$(BUILT_PRODUCTS_DIR)/GiftApp.app/GiftApp";
			};
			name = Debug;
		};
		118EF7821D22FBA700403084 /* Release */ = {
			isa = XCBuildConfiguration;
			buildSettings = {
				BUNDLE_LOADER = "$(TEST_HOST)";
				INFOPLIST_FILE = GiftAppTests/Info.plist;
				LD_RUNPATH_SEARCH_PATHS = "$(inherited) @executable_path/Frameworks @loader_path/Frameworks";
				PRODUCT_BUNDLE_IDENTIFIER = com.CJS.GiftAppTests;
				PRODUCT_NAME = "$(TARGET_NAME)";
				TEST_HOST = "$(BUILT_PRODUCTS_DIR)/GiftApp.app/GiftApp";
			};
			name = Release;
		};
		118EF7841D22FBA700403084 /* Debug */ = {
			isa = XCBuildConfiguration;
			buildSettings = {
				INFOPLIST_FILE = GiftAppUITests/Info.plist;
				LD_RUNPATH_SEARCH_PATHS = "$(inherited) @executable_path/Frameworks @loader_path/Frameworks";
				PRODUCT_BUNDLE_IDENTIFIER = com.CJS.GiftAppUITests;
				PRODUCT_NAME = "$(TARGET_NAME)";
				TEST_TARGET_NAME = GiftApp;
			};
			name = Debug;
		};
		118EF7851D22FBA700403084 /* Release */ = {
			isa = XCBuildConfiguration;
			buildSettings = {
				INFOPLIST_FILE = GiftAppUITests/Info.plist;
				LD_RUNPATH_SEARCH_PATHS = "$(inherited) @executable_path/Frameworks @loader_path/Frameworks";
				PRODUCT_BUNDLE_IDENTIFIER = com.CJS.GiftAppUITests;
				PRODUCT_NAME = "$(TARGET_NAME)";
				TEST_TARGET_NAME = GiftApp;
			};
			name = Release;
		};
/* End XCBuildConfiguration section */

/* Begin XCConfigurationList section */
		118EF74B1D22FBA600403084 /* Build configuration list for PBXProject "GiftApp" */ = {
			isa = XCConfigurationList;
			buildConfigurations = (
				118EF77B1D22FBA700403084 /* Debug */,
				118EF77C1D22FBA700403084 /* Release */,
			);
			defaultConfigurationIsVisible = 0;
			defaultConfigurationName = Release;
		};
		118EF77D1D22FBA700403084 /* Build configuration list for PBXNativeTarget "GiftApp" */ = {
			isa = XCConfigurationList;
			buildConfigurations = (
				118EF77E1D22FBA700403084 /* Debug */,
				118EF77F1D22FBA700403084 /* Release */,
			);
			defaultConfigurationIsVisible = 0;
			defaultConfigurationName = Release;
		};
		118EF7801D22FBA700403084 /* Build configuration list for PBXNativeTarget "GiftAppTests" */ = {
			isa = XCConfigurationList;
			buildConfigurations = (
				118EF7811D22FBA700403084 /* Debug */,
				118EF7821D22FBA700403084 /* Release */,
			);
			defaultConfigurationIsVisible = 0;
			defaultConfigurationName = Release;
		};
		118EF7831D22FBA700403084 /* Build configuration list for PBXNativeTarget "GiftAppUITests" */ = {
			isa = XCConfigurationList;
			buildConfigurations = (
				118EF7841D22FBA700403084 /* Debug */,
				118EF7851D22FBA700403084 /* Release */,
			);
			defaultConfigurationIsVisible = 0;
			defaultConfigurationName = Release;
		};
/* End XCConfigurationList section */

/* Begin XCVersionGroup section */
		118EF7551D22FBA700403084 /* GiftApp.xcdatamodeld */ = {
			isa = XCVersionGroup;
			children = (
				118EF7561D22FBA700403084 /* GiftApp.xcdatamodel */,
			);
			currentVersion = 118EF7561D22FBA700403084 /* GiftApp.xcdatamodel */;
			path = GiftApp.xcdatamodeld;
			sourceTree = "<group>";
			versionGroupType = wrapper.xcdatamodel;
		};
/* End XCVersionGroup section */
	};
	rootObject = 118EF7481D22FBA600403084 /* Project object */;
}
